{
  "version": 4,
  "terraform_version": "1.9.1",
  "serial": 170,
  "lineage": "fdd688fc-b1f9-86dd-a35a-2409406814cd",
  "outputs": {},
  "resources": [
    {
      "mode": "managed",
      "type": "local_file",
      "name": "inventory",
      "provider": "provider[\"registry.terraform.io/hashicorp/local\"]",
      "instances": [
        {
          "schema_version": 0,
          "attributes": {
            "content": "\n[control]\n89.169.134.241\n\n[worker]\n89.169.133.182\n89.169.140.145\n\n[all_hosts:children]\ncontrol\nworker\n\n\n[all_hosts:vars]\nansible_user=debian\nansible_ssh_private_key_file=/home/localadm/.ssh/git.pub\n\n",
            "content_base64": null,
            "content_base64sha256": "S44EPmfiniu2szk4HsFgV8u9Z611cuz3H6KjL9++MVQ=",
            "content_base64sha512": "qXm0kyC8KYk3IPklijFxIPte1Y6xbOBh8SjF9fsmIK/qtZLrfgPWiuhSpfudMN/Ebmw43LitFK6F6lu3SCKiUQ==",
            "content_md5": "3fe9dcb11e32527db19a75230b24e848",
            "content_sha1": "ae02e3abfb71b9f6ff47de903be4ed0be7135bd7",
            "content_sha256": "4b8e043e67e29e2bb6b339381ec16057cbbd67ad7572ecf71fa2a32fdfbe3154",
            "content_sha512": "a979b49320bc29893720f9258a317120fb5ed58eb16ce061f128c5f5fb2620afeab592eb7e03d68ae852a5fb9d30dfc46e6c38dcb8ad14ae85ea5bb74822a251",
            "directory_permission": "0777",
            "file_permission": "0777",
            "filename": "./ansible/inventory",
            "id": "ae02e3abfb71b9f6ff47de903be4ed0be7135bd7",
            "sensitive_content": null,
            "source": null
          },
          "sensitive_attributes": [
            [
              {
                "type": "get_attr",
                "value": "sensitive_content"
              }
            ]
          ],
          "dependencies": [
            "yandex_compute_instance_group.control",
            "yandex_compute_instance_group.worker",
            "yandex_iam_service_account.iam-service",
            "yandex_resourcemanager_folder.terra",
            "yandex_resourcemanager_folder_iam_member.admin",
            "yandex_vpc_network.vpc_k8s_net",
            "yandex_vpc_subnet.vpc_k8s_sub"
          ]
        }
      ]
    },
    {
      "mode": "managed",
      "type": "yandex_compute_instance_group",
      "name": "control",
      "provider": "provider[\"registry.terraform.io/yandex-cloud/yandex\"]",
      "instances": [
        {
          "schema_version": 0,
          "attributes": {
            "allocation_policy": [
              {
                "instance_tags_pool": [],
                "zones": [
                  "ru-central1-a"
                ]
              }
            ],
            "application_load_balancer": [],
            "created_at": "2024-07-23T10:18:41Z",
            "deletion_protection": false,
            "deploy_policy": [
              {
                "max_creating": 0,
                "max_deleting": 0,
                "max_expansion": 0,
                "max_unavailable": 1,
                "startup_duration": 0,
                "strategy": "proactive"
              }
            ],
            "description": "",
            "folder_id": "b1ghe261brk7t4vphi4l",
            "health_check": [],
            "id": "cl1d9l2e2pg3btoqcji7",
            "instance_template": [
              {
                "boot_disk": [
                  {
                    "device_name": "",
                    "disk_id": "",
                    "initialize_params": [
                      {
                        "description": "",
                        "image_id": "fd89nebr9a651021u19i",
                        "size": 15,
                        "snapshot_id": "",
                        "type": "network-hdd"
                      }
                    ],
                    "mode": "READ_WRITE",
                    "name": ""
                  }
                ],
                "description": "",
                "filesystem": [],
                "hostname": "control-{instance.index}",
                "labels": {},
                "metadata": {
                  "ssh-keys": "localadm:ssh-rsa AAAAB3NzaC1yc2EAAAADAQABAAABgQDINbKP1BKFFh2/6Lklb/afInqF5Pz/yFyCKqdXvD7VF9FtmWCpOCx68GwuOMrZS0Cxu9FwbKkNNt5G9MRLPQwTktoOGTIaGn6pTAZhn0nk1FvUSGIpkq8zF7isQTSazDPwk3BmVIAHjAwVgS9tcgJ2bMTPeou/kMyspUyssQyo1jIytdXN+UOJywyL/ayY3w6D9UgEEtI0ZxhT3FmhPMaW4kNRJgKMzEKYI2MkFFELkIMfIo9D7mElu8pTK1EtRKjKwgJL6sUxpLpHvoEpFcYQAqZq2luNQBmDLGU3kVFmW6X8BEAKC8QtCaWskxE+S46Sue1pO4Qz4e0cRKxIuy8h4MRLP811E/DXSTxJJSPdcDydfB2NLrb4JeVuFYEtNsLH9B2qRIdTJuaIRKsHiwzkhkHr8azKRb1SoIU0sw23hvp8NnQoI9Qb8XZubFv+8Dea6fnHf0hisE007PR5HCZ+c1YKR1+WaSpMVTEg05hYReYqmbdrd8EEN0A1LXkze3s= localadm@Only\n"
                },
                "metadata_options": [
                  {
                    "aws_v1_http_endpoint": 0,
                    "aws_v1_http_token": 0,
                    "gce_http_endpoint": 0,
                    "gce_http_token": 0
                  }
                ],
                "name": "control-{instance.index}",
                "network_interface": [
                  {
                    "dns_record": [],
                    "ip_address": "",
                    "ipv4": true,
                    "ipv6": false,
                    "ipv6_address": "",
                    "ipv6_dns_record": [],
                    "nat": true,
                    "nat_dns_record": [],
                    "nat_ip_address": "",
                    "network_id": "enp9sdlhkfid0mq7sao3",
                    "security_group_ids": null,
                    "subnet_ids": [
                      "e9b2dga32ctfqpldecc2"
                    ]
                  }
                ],
                "network_settings": [],
                "placement_policy": [],
                "platform_id": "standard-v1",
                "resources": [
                  {
                    "core_fraction": 100,
                    "cores": 2,
                    "gpus": 0,
                    "memory": 2
                  }
                ],
                "scheduling_policy": [
                  {
                    "preemptible": false
                  }
                ],
                "secondary_disk": [],
                "service_account_id": ""
              }
            ],
            "instances": [
              {
                "fqdn": "control-1.ru-central1.internal",
                "instance_id": "fhmhmosiu7j5luoe0gtn",
                "instance_tag": "",
                "name": "control-1",
                "network_interface": [
                  {
                    "index": 0,
                    "ip_address": "192.168.2.5",
                    "ipv4": true,
                    "ipv6": false,
                    "ipv6_address": "",
                    "mac_address": "d0:0d:11:b6:39:2f",
                    "nat": true,
                    "nat_ip_address": "89.169.134.241",
                    "nat_ip_version": "IPV4",
                    "subnet_id": "e9b2dga32ctfqpldecc2"
                  }
                ],
                "status": "RUNNING_ACTUAL",
                "status_changed_at": "2024-07-23T10:19:26Z",
                "status_message": "",
                "zone_id": "ru-central1-a"
              }
            ],
            "labels": null,
            "load_balancer": [],
            "max_checking_health_duration": null,
            "name": "control",
            "scale_policy": [
              {
                "auto_scale": [],
                "fixed_scale": [
                  {
                    "size": 1
                  }
                ],
                "test_auto_scale": []
              }
            ],
            "service_account_id": "ajedtag7ao254revv6ev",
            "status": "ACTIVE",
            "timeouts": null,
            "variables": null
          },
          "sensitive_attributes": [],
          "private": "eyJlMmJmYjczMC1lY2FhLTExZTYtOGY4OC0zNDM2M2JjN2M0YzAiOnsiY3JlYXRlIjoxODAwMDAwMDAwMDAwLCJkZWxldGUiOjE4MDAwMDAwMDAwMDAsInVwZGF0ZSI6MTgwMDAwMDAwMDAwMH19",
          "dependencies": [
            "yandex_iam_service_account.iam-service",
            "yandex_resourcemanager_folder.terra",
            "yandex_resourcemanager_folder_iam_member.admin",
            "yandex_vpc_network.vpc_k8s_net",
            "yandex_vpc_subnet.vpc_k8s_sub"
          ]
        }
      ]
    },
    {
      "mode": "managed",
      "type": "yandex_compute_instance_group",
      "name": "worker",
      "provider": "provider[\"registry.terraform.io/yandex-cloud/yandex\"]",
      "instances": [
        {
          "schema_version": 0,
          "attributes": {
            "allocation_policy": [
              {
                "instance_tags_pool": [],
                "zones": [
                  "ru-central1-a"
                ]
              }
            ],
            "application_load_balancer": [],
            "created_at": "2024-07-23T10:18:42Z",
            "deletion_protection": false,
            "deploy_policy": [
              {
                "max_creating": 0,
                "max_deleting": 0,
                "max_expansion": 0,
                "max_unavailable": 1,
                "startup_duration": 0,
                "strategy": "proactive"
              }
            ],
            "description": "",
            "folder_id": "b1ghe261brk7t4vphi4l",
            "health_check": [],
            "id": "cl1v064ruql06d88et6o",
            "instance_template": [
              {
                "boot_disk": [
                  {
                    "device_name": "",
                    "disk_id": "",
                    "initialize_params": [
                      {
                        "description": "",
                        "image_id": "fd89nebr9a651021u19i",
                        "size": 15,
                        "snapshot_id": "",
                        "type": "network-hdd"
                      }
                    ],
                    "mode": "READ_WRITE",
                    "name": ""
                  }
                ],
                "description": "",
                "filesystem": [],
                "hostname": "",
                "labels": {},
                "metadata": {
                  "ssh-keys": "localadm:ssh-rsa AAAAB3NzaC1yc2EAAAADAQABAAABgQDINbKP1BKFFh2/6Lklb/afInqF5Pz/yFyCKqdXvD7VF9FtmWCpOCx68GwuOMrZS0Cxu9FwbKkNNt5G9MRLPQwTktoOGTIaGn6pTAZhn0nk1FvUSGIpkq8zF7isQTSazDPwk3BmVIAHjAwVgS9tcgJ2bMTPeou/kMyspUyssQyo1jIytdXN+UOJywyL/ayY3w6D9UgEEtI0ZxhT3FmhPMaW4kNRJgKMzEKYI2MkFFELkIMfIo9D7mElu8pTK1EtRKjKwgJL6sUxpLpHvoEpFcYQAqZq2luNQBmDLGU3kVFmW6X8BEAKC8QtCaWskxE+S46Sue1pO4Qz4e0cRKxIuy8h4MRLP811E/DXSTxJJSPdcDydfB2NLrb4JeVuFYEtNsLH9B2qRIdTJuaIRKsHiwzkhkHr8azKRb1SoIU0sw23hvp8NnQoI9Qb8XZubFv+8Dea6fnHf0hisE007PR5HCZ+c1YKR1+WaSpMVTEg05hYReYqmbdrd8EEN0A1LXkze3s= localadm@Only\n"
                },
                "metadata_options": [
                  {
                    "aws_v1_http_endpoint": 0,
                    "aws_v1_http_token": 0,
                    "gce_http_endpoint": 0,
                    "gce_http_token": 0
                  }
                ],
                "name": "",
                "network_interface": [
                  {
                    "dns_record": [],
                    "ip_address": "",
                    "ipv4": true,
                    "ipv6": false,
                    "ipv6_address": "",
                    "ipv6_dns_record": [],
                    "nat": true,
                    "nat_dns_record": [],
                    "nat_ip_address": "",
                    "network_id": "enp9sdlhkfid0mq7sao3",
                    "security_group_ids": null,
                    "subnet_ids": [
                      "e9b2dga32ctfqpldecc2"
                    ]
                  }
                ],
                "network_settings": [],
                "placement_policy": [],
                "platform_id": "standard-v1",
                "resources": [
                  {
                    "core_fraction": 100,
                    "cores": 2,
                    "gpus": 0,
                    "memory": 2
                  }
                ],
                "scheduling_policy": [
                  {
                    "preemptible": false
                  }
                ],
                "secondary_disk": [],
                "service_account_id": ""
              }
            ],
            "instances": [
              {
                "fqdn": "cl1v064ruql06d88et6o-unyr.ru-central1.internal",
                "instance_id": "fhm5jvagn9926lq0q9us",
                "instance_tag": "",
                "name": "cl1v064ruql06d88et6o-unyr",
                "network_interface": [
                  {
                    "index": 0,
                    "ip_address": "192.168.2.3",
                    "ipv4": true,
                    "ipv6": false,
                    "ipv6_address": "",
                    "mac_address": "d0:0d:59:fd:50:ba",
                    "nat": true,
                    "nat_ip_address": "89.169.133.182",
                    "nat_ip_version": "IPV4",
                    "subnet_id": "e9b2dga32ctfqpldecc2"
                  }
                ],
                "status": "RUNNING_ACTUAL",
                "status_changed_at": "2024-07-23T10:19:29Z",
                "status_message": "",
                "zone_id": "ru-central1-a"
              },
              {
                "fqdn": "cl1v064ruql06d88et6o-uqys.ru-central1.internal",
                "instance_id": "fhmu40gsfrp809b16d0l",
                "instance_tag": "",
                "name": "cl1v064ruql06d88et6o-uqys",
                "network_interface": [
                  {
                    "index": 0,
                    "ip_address": "192.168.2.9",
                    "ipv4": true,
                    "ipv6": false,
                    "ipv6_address": "",
                    "mac_address": "d0:0d:1e:20:21:c7",
                    "nat": true,
                    "nat_ip_address": "89.169.140.145",
                    "nat_ip_version": "IPV4",
                    "subnet_id": "e9b2dga32ctfqpldecc2"
                  }
                ],
                "status": "RUNNING_ACTUAL",
                "status_changed_at": "2024-07-23T10:19:20Z",
                "status_message": "",
                "zone_id": "ru-central1-a"
              }
            ],
            "labels": null,
            "load_balancer": [],
            "max_checking_health_duration": null,
            "name": "worker",
            "scale_policy": [
              {
                "auto_scale": [],
                "fixed_scale": [
                  {
                    "size": 2
                  }
                ],
                "test_auto_scale": []
              }
            ],
            "service_account_id": "ajedtag7ao254revv6ev",
            "status": "ACTIVE",
            "timeouts": null,
            "variables": null
          },
          "sensitive_attributes": [],
          "private": "eyJlMmJmYjczMC1lY2FhLTExZTYtOGY4OC0zNDM2M2JjN2M0YzAiOnsiY3JlYXRlIjoxODAwMDAwMDAwMDAwLCJkZWxldGUiOjE4MDAwMDAwMDAwMDAsInVwZGF0ZSI6MTgwMDAwMDAwMDAwMH19",
          "dependencies": [
            "yandex_iam_service_account.iam-service",
            "yandex_resourcemanager_folder.terra",
            "yandex_resourcemanager_folder_iam_member.admin",
            "yandex_vpc_network.vpc_k8s_net",
            "yandex_vpc_subnet.vpc_k8s_sub"
          ]
        }
      ]
    },
    {
      "mode": "managed",
      "type": "yandex_iam_service_account",
      "name": "iam-service",
      "provider": "provider[\"registry.terraform.io/yandex-cloud/yandex\"]",
      "instances": [
        {
          "schema_version": 0,
          "attributes": {
            "created_at": "2024-07-23T10:18:35Z",
            "description": "service account from folder k8s-terra",
            "folder_id": "b1ghe261brk7t4vphi4l",
            "id": "ajedtag7ao254revv6ev",
            "name": "iam-service",
            "timeouts": null
          },
          "sensitive_attributes": [],
          "private": "eyJlMmJmYjczMC1lY2FhLTExZTYtOGY4OC0zNDM2M2JjN2M0YzAiOnsiY3JlYXRlIjo2MDAwMDAwMDAwMCwiZGVsZXRlIjo2MDAwMDAwMDAwMCwidXBkYXRlIjo2MDAwMDAwMDAwMH19",
          "dependencies": [
            "yandex_resourcemanager_folder.terra"
          ]
        }
      ]
    },
    {
      "mode": "managed",
      "type": "yandex_iam_service_account_static_access_key",
      "name": "access_key",
      "provider": "provider[\"registry.terraform.io/yandex-cloud/yandex\"]",
      "instances": [
        {
          "schema_version": 0,
          "attributes": {
            "access_key": "YCAJEesYFasENUpCZ5luQoHXq",
            "created_at": "2024-07-23T10:18:37Z",
            "description": "",
            "encrypted_secret_key": null,
            "id": "ajeqp7oj7nnli83oink0",
            "key_fingerprint": null,
            "pgp_key": null,
            "secret_key": "YCNe_lGnkxTtC6wzrw1VCfeqo_HxDwOi5T9j4e-w",
            "service_account_id": "ajedtag7ao254revv6ev"
          },
          "sensitive_attributes": [
            [
              {
                "type": "get_attr",
                "value": "secret_key"
              }
            ]
          ],
          "private": "bnVsbA==",
          "dependencies": [
            "yandex_iam_service_account.iam-service",
            "yandex_resourcemanager_folder.terra"
          ]
        }
      ]
    },
    {
      "mode": "managed",
      "type": "yandex_resourcemanager_folder",
      "name": "terra",
      "provider": "provider[\"registry.terraform.io/yandex-cloud/yandex\"]",
      "instances": [
        {
          "schema_version": 0,
          "attributes": {
            "cloud_id": "b1gblbp7v441epoftcdg",
            "created_at": "2024-07-23T07:59:40Z",
            "description": "folder from otus terraform",
            "id": "b1ghe261brk7t4vphi4l",
            "labels": {},
            "name": "terra",
            "timeouts": null
          },
          "sensitive_attributes": [],
          "private": "eyJlMmJmYjczMC1lY2FhLTExZTYtOGY4OC0zNDM2M2JjN2M0YzAiOnsiY3JlYXRlIjo2MDAwMDAwMDAwMCwiZGVsZXRlIjoxODAwMDAwMDAwMDAwLCJyZWFkIjo2MDAwMDAwMDAwMCwidXBkYXRlIjo2MDAwMDAwMDAwMH19"
        }
      ]
    },
    {
      "mode": "managed",
      "type": "yandex_resourcemanager_folder_iam_member",
      "name": "admin",
      "provider": "provider[\"registry.terraform.io/yandex-cloud/yandex\"]",
      "instances": [
        {
          "schema_version": 0,
          "attributes": {
            "folder_id": "b1ghe261brk7t4vphi4l",
            "id": "b1ghe261brk7t4vphi4l/admin/serviceAccount:ajedtag7ao254revv6ev",
            "member": "serviceAccount:ajedtag7ao254revv6ev",
            "role": "admin",
            "sleep_after": null,
            "timeouts": null
          },
          "sensitive_attributes": [],
          "private": "eyJlMmJmYjczMC1lY2FhLTExZTYtOGY4OC0zNDM2M2JjN2M0YzAiOnsiY3JlYXRlIjo2MDAwMDAwMDAwMCwiZGVmYXVsdCI6NjAwMDAwMDAwMDAsImRlbGV0ZSI6NjAwMDAwMDAwMDAsInJlYWQiOjYwMDAwMDAwMDAwLCJ1cGRhdGUiOjYwMDAwMDAwMDAwfX0=",
          "dependencies": [
            "yandex_iam_service_account.iam-service",
            "yandex_resourcemanager_folder.terra"
          ]
        }
      ]
    },
    {
      "mode": "managed",
      "type": "yandex_storage_bucket",
      "name": "test",
      "provider": "provider[\"registry.terraform.io/yandex-cloud/yandex\"]",
      "instances": [
        {
          "schema_version": 1,
          "attributes": {
            "access_key": "YCAJEesYFasENUpCZ5luQoHXq",
            "acl": null,
            "anonymous_access_flags": [
              {
                "config_read": true,
                "list": true,
                "read": true
              }
            ],
            "bucket": "testk8s",
            "bucket_domain_name": "testk8s.storage.yandexcloud.net",
            "bucket_prefix": null,
            "cors_rule": [],
            "default_storage_class": "STANDARD",
            "folder_id": "b1ghe261brk7t4vphi4l",
            "force_destroy": false,
            "grant": [],
            "https": [],
            "id": "testk8s",
            "lifecycle_rule": [],
            "logging": [],
            "max_size": 50000,
            "object_lock_configuration": [],
            "policy": "",
            "secret_key": "YCNe_lGnkxTtC6wzrw1VCfeqo_HxDwOi5T9j4e-w",
            "server_side_encryption_configuration": [],
            "tags": null,
            "versioning": [
              {
                "enabled": false
              }
            ],
            "website": [],
            "website_domain": null,
            "website_endpoint": null
          },
          "sensitive_attributes": [
            [
              {
                "type": "get_attr",
                "value": "secret_key"
              }
            ]
          ],
          "private": "eyJzY2hlbWFfdmVyc2lvbiI6IjEifQ==",
          "dependencies": [
            "yandex_iam_service_account.iam-service",
            "yandex_iam_service_account_static_access_key.access_key",
            "yandex_resourcemanager_folder.terra"
          ]
        }
      ]
    },
    {
      "mode": "managed",
      "type": "yandex_vpc_network",
      "name": "vpc_k8s_net",
      "provider": "provider[\"registry.terraform.io/yandex-cloud/yandex\"]",
      "instances": [
        {
          "schema_version": 0,
          "attributes": {
            "created_at": "2024-07-23T10:18:34Z",
            "default_security_group_id": "enp91j1k11j9cjb8bssi",
            "description": "virtual network cluster k8s for ru-central1-a",
            "folder_id": "b1ghe261brk7t4vphi4l",
            "id": "enp9sdlhkfid0mq7sao3",
            "labels": {},
            "name": "netk8s",
            "subnet_ids": [],
            "timeouts": null
          },
          "sensitive_attributes": [],
          "private": "eyJlMmJmYjczMC1lY2FhLTExZTYtOGY4OC0zNDM2M2JjN2M0YzAiOnsiY3JlYXRlIjo2MDAwMDAwMDAwMCwiZGVsZXRlIjo2MDAwMDAwMDAwMCwidXBkYXRlIjo2MDAwMDAwMDAwMH19",
          "dependencies": [
            "yandex_resourcemanager_folder.terra"
          ]
        }
      ]
    },
    {
      "mode": "managed",
      "type": "yandex_vpc_security_group",
      "name": "allow_ssh",
      "provider": "provider[\"registry.terraform.io/yandex-cloud/yandex\"]",
      "instances": [
        {
          "schema_version": 0,
          "attributes": {
            "created_at": "2024-07-23T10:18:38Z",
            "description": "",
            "egress": [
              {
                "description": "Allow all outbound traffic",
                "from_port": 0,
                "id": "enpbglql2mjjh4m5rrhb",
                "labels": {},
                "port": -1,
                "predefined_target": "",
                "protocol": "TCP",
                "security_group_id": "",
                "to_port": 65535,
                "v4_cidr_blocks": [
                  "0.0.0.0/0"
                ],
                "v6_cidr_blocks": []
              }
            ],
            "folder_id": "b1ghe261brk7t4vphi4l",
            "id": "enpl9s3iehkjerujb1j3",
            "ingress": [
              {
                "description": "Allow SSH from anywhere",
                "from_port": -1,
                "id": "enpmijdvpfttgffs9u8c",
                "labels": {},
                "port": 22,
                "predefined_target": "",
                "protocol": "TCP",
                "security_group_id": "",
                "to_port": -1,
                "v4_cidr_blocks": [
                  "0.0.0.0/0"
                ],
                "v6_cidr_blocks": []
              }
            ],
            "labels": {},
            "name": "allow-ssh",
            "network_id": "enp9sdlhkfid0mq7sao3",
            "status": "ACTIVE",
            "timeouts": null
          },
          "sensitive_attributes": [],
          "private": "eyJlMmJmYjczMC1lY2FhLTExZTYtOGY4OC0zNDM2M2JjN2M0YzAiOnsiY3JlYXRlIjoxODAwMDAwMDAwMDAsImRlbGV0ZSI6MTgwMDAwMDAwMDAwLCJ1cGRhdGUiOjE4MDAwMDAwMDAwMH19",
          "dependencies": [
            "yandex_resourcemanager_folder.terra",
            "yandex_vpc_network.vpc_k8s_net"
          ]
        }
      ]
    },
    {
      "mode": "managed",
      "type": "yandex_vpc_subnet",
      "name": "vpc_k8s_sub",
      "provider": "provider[\"registry.terraform.io/yandex-cloud/yandex\"]",
      "instances": [
        {
          "schema_version": 0,
          "attributes": {
            "created_at": "2024-07-23T10:18:37Z",
            "description": "virtual subnet cluster k8s for ru-central1-a",
            "dhcp_options": [],
            "folder_id": "b1ghe261brk7t4vphi4l",
            "id": "e9b2dga32ctfqpldecc2",
            "labels": {},
            "name": "subk8s",
            "network_id": "enp9sdlhkfid0mq7sao3",
            "route_table_id": "",
            "timeouts": null,
            "v4_cidr_blocks": [
              "192.168.2.0/28"
            ],
            "v6_cidr_blocks": [],
            "zone": "ru-central1-a"
          },
          "sensitive_attributes": [],
          "private": "eyJlMmJmYjczMC1lY2FhLTExZTYtOGY4OC0zNDM2M2JjN2M0YzAiOnsiY3JlYXRlIjoxODAwMDAwMDAwMDAsImRlbGV0ZSI6MTgwMDAwMDAwMDAwLCJ1cGRhdGUiOjE4MDAwMDAwMDAwMH19",
          "dependencies": [
            "yandex_resourcemanager_folder.terra",
            "yandex_vpc_network.vpc_k8s_net"
          ]
        }
      ]
    }
  ],
  "check_results": null
}
