{
  "version": 4,
  "terraform_version": "1.7.4",
  "serial": 340,
  "lineage": "d4fda886-b7aa-bdf9-9c12-2a0332c19dda",
  "outputs": {},
  "resources": [
    {
      "mode": "managed",
      "type": "local_file",
      "name": "inventory",
      "provider": "provider[\"registry.terraform.io/hashicorp/local\"]",
      "instances": [
        {
          "schema_version": 0,
          "attributes": {
            "content": "[control]\n89.169.136.208 ansible_user=debian ansible_private_key_file=/home/localadm/.ssh/id_ed25519.pub\n\n[worker]\n89.169.130.5 ansible_user=debian ansible_private_key_file=/home/localadm/.ssh/id_ed25519.pub\n84.201.135.240 ansible_user=debian ansible_private_key_file=/home/localadm/.ssh/id_ed25519.pub\n\n[all_hosts:children]\ncontrol\nworker\n\n\n",
            "content_base64": null,
            "content_base64sha256": "0Zw7CFhMc1+yks9iGTLuuKeSoJHFd99gNK8ffT39JQs=",
            "content_base64sha512": "+UEO8N7sxGOv8SKyNOyc8bwv+dZOo4BqUGgCTEZlJgjmJLgydc0CKkOEw9wxsyE1ytv03Wnj3tBGofYAgZUUuA==",
            "content_md5": "bd0ae9e92bc1417ff783337db005891c",
            "content_sha1": "4a276d519d04a8776642c96233305b0a733df7f9",
            "content_sha256": "d19c3b08584c735fb292cf621932eeb8a792a091c577df6034af1f7d3dfd250b",
            "content_sha512": "f9410ef0deecc463aff122b234ec9cf1bc2ff9d64ea3806a5068024c46652608e624b83275cd022a4384c3dc31b32135cadbf4dd69e3ded046a1f600819514b8",
            "directory_permission": "0777",
            "file_permission": "0777",
            "filename": "./ansible/inventory",
            "id": "4a276d519d04a8776642c96233305b0a733df7f9",
            "sensitive_content": null,
            "source": null
          },
          "sensitive_attributes": [],
          "dependencies": [
            "yandex_compute_instance_group.control",
            "yandex_compute_instance_group.worker",
            "yandex_iam_service_account.iam-service",
            "yandex_resourcemanager_folder.tera",
            "yandex_resourcemanager_folder_iam_member.admin",
            "yandex_vpc_network.vpc_k8s_net",
            "yandex_vpc_subnet.vpc_k8s_sub"
          ]
        }
      ]
    },
    {
      "mode": "managed",
      "type": "yandex_compute_instance_group",
      "name": "control",
      "provider": "provider[\"registry.terraform.io/yandex-cloud/yandex\"]",
      "instances": [
        {
          "schema_version": 0,
          "attributes": {
            "allocation_policy": [
              {
                "instance_tags_pool": [],
                "zones": [
                  "ru-central1-a"
                ]
              }
            ],
            "application_load_balancer": [],
            "created_at": "2024-07-28T13:54:45Z",
            "deletion_protection": false,
            "deploy_policy": [
              {
                "max_creating": 0,
                "max_deleting": 0,
                "max_expansion": 0,
                "max_unavailable": 1,
                "startup_duration": 0,
                "strategy": "proactive"
              }
            ],
            "description": "",
            "folder_id": "b1gce61qkebp1ltbb7no",
            "health_check": [],
            "id": "cl1fo12ia7it0lc5tpid",
            "instance_template": [
              {
                "boot_disk": [
                  {
                    "device_name": "",
                    "disk_id": "",
                    "initialize_params": [
                      {
                        "description": "",
                        "image_id": "fd89nebr9a651021u19i",
                        "size": 15,
                        "snapshot_id": "",
                        "type": "network-hdd"
                      }
                    ],
                    "mode": "READ_WRITE",
                    "name": ""
                  }
                ],
                "description": "",
                "filesystem": [],
                "hostname": "",
                "labels": {},
                "metadata": {
                  "ssh-keys": "localadm:ssh-ed25519 AAAAC3NzaC1lZDI1NTE5AAAAIOym6WBs38IXVro964eQYqCTN4LNigUdCt1ZVJVOqBYo localadm@DEB\n"
                },
                "metadata_options": [
                  {
                    "aws_v1_http_endpoint": 0,
                    "aws_v1_http_token": 0,
                    "gce_http_endpoint": 0,
                    "gce_http_token": 0
                  }
                ],
                "name": "",
                "network_interface": [
                  {
                    "dns_record": [],
                    "ip_address": "",
                    "ipv4": true,
                    "ipv6": false,
                    "ipv6_address": "",
                    "ipv6_dns_record": [],
                    "nat": true,
                    "nat_dns_record": [],
                    "nat_ip_address": "",
                    "network_id": "enpvma8f0v9964lo63jq",
                    "security_group_ids": null,
                    "subnet_ids": [
                      "e9b57e4sb5bfoc2gdg4j"
                    ]
                  }
                ],
                "network_settings": [],
                "placement_policy": [],
                "platform_id": "standard-v1",
                "resources": [
                  {
                    "core_fraction": 100,
                    "cores": 2,
                    "gpus": 0,
                    "memory": 2
                  }
                ],
                "scheduling_policy": [
                  {
                    "preemptible": false
                  }
                ],
                "secondary_disk": [],
                "service_account_id": ""
              }
            ],
            "instances": [
              {
                "fqdn": "cl1fo12ia7it0lc5tpid-ugyp.ru-central1.internal",
                "instance_id": "fhmjdjeiqrrp384t4pjc",
                "instance_tag": "",
                "name": "cl1fo12ia7it0lc5tpid-ugyp",
                "network_interface": [
                  {
                    "index": 0,
                    "ip_address": "192.168.2.9",
                    "ipv4": true,
                    "ipv6": false,
                    "ipv6_address": "",
                    "mac_address": "d0:0d:13:6c:dd:2d",
                    "nat": true,
                    "nat_ip_address": "89.169.136.208",
                    "nat_ip_version": "IPV4",
                    "subnet_id": "e9b57e4sb5bfoc2gdg4j"
                  }
                ],
                "status": "RUNNING_ACTUAL",
                "status_changed_at": "2024-07-28T13:55:29Z",
                "status_message": "",
                "zone_id": "ru-central1-a"
              }
            ],
            "labels": null,
            "load_balancer": [],
            "max_checking_health_duration": null,
            "name": "control",
            "scale_policy": [
              {
                "auto_scale": [],
                "fixed_scale": [
                  {
                    "size": 1
                  }
                ],
                "test_auto_scale": []
              }
            ],
            "service_account_id": "aje7tmpsohd5ovma9ouf",
            "status": "ACTIVE",
            "timeouts": null,
            "variables": null
          },
          "sensitive_attributes": [],
          "private": "eyJlMmJmYjczMC1lY2FhLTExZTYtOGY4OC0zNDM2M2JjN2M0YzAiOnsiY3JlYXRlIjoxODAwMDAwMDAwMDAwLCJkZWxldGUiOjE4MDAwMDAwMDAwMDAsInVwZGF0ZSI6MTgwMDAwMDAwMDAwMH19",
          "dependencies": [
            "yandex_iam_service_account.iam-service",
            "yandex_resourcemanager_folder.tera",
            "yandex_resourcemanager_folder_iam_member.admin",
            "yandex_vpc_network.vpc_k8s_net",
            "yandex_vpc_subnet.vpc_k8s_sub"
          ]
        }
      ]
    },
    {
      "mode": "managed",
      "type": "yandex_compute_instance_group",
      "name": "worker",
      "provider": "provider[\"registry.terraform.io/yandex-cloud/yandex\"]",
      "instances": [
        {
          "schema_version": 0,
          "attributes": {
            "allocation_policy": [
              {
                "instance_tags_pool": [],
                "zones": [
                  "ru-central1-a"
                ]
              }
            ],
            "application_load_balancer": [],
            "created_at": "2024-07-28T13:54:45Z",
            "deletion_protection": false,
            "deploy_policy": [
              {
                "max_creating": 0,
                "max_deleting": 0,
                "max_expansion": 0,
                "max_unavailable": 1,
                "startup_duration": 0,
                "strategy": "proactive"
              }
            ],
            "description": "",
            "folder_id": "b1gce61qkebp1ltbb7no",
            "health_check": [],
            "id": "cl15dhhcr1052aq3cjb8",
            "instance_template": [
              {
                "boot_disk": [
                  {
                    "device_name": "",
                    "disk_id": "",
                    "initialize_params": [
                      {
                        "description": "",
                        "image_id": "fd89nebr9a651021u19i",
                        "size": 15,
                        "snapshot_id": "",
                        "type": "network-hdd"
                      }
                    ],
                    "mode": "READ_WRITE",
                    "name": ""
                  }
                ],
                "description": "",
                "filesystem": [],
                "hostname": "",
                "labels": {},
                "metadata": {
                  "ssh-keys": "localadm:ssh-ed25519 AAAAC3NzaC1lZDI1NTE5AAAAIOym6WBs38IXVro964eQYqCTN4LNigUdCt1ZVJVOqBYo localadm@DEB\n"
                },
                "metadata_options": [
                  {
                    "aws_v1_http_endpoint": 0,
                    "aws_v1_http_token": 0,
                    "gce_http_endpoint": 0,
                    "gce_http_token": 0
                  }
                ],
                "name": "",
                "network_interface": [
                  {
                    "dns_record": [],
                    "ip_address": "",
                    "ipv4": true,
                    "ipv6": false,
                    "ipv6_address": "",
                    "ipv6_dns_record": [],
                    "nat": true,
                    "nat_dns_record": [],
                    "nat_ip_address": "",
                    "network_id": "enpvma8f0v9964lo63jq",
                    "security_group_ids": null,
                    "subnet_ids": [
                      "e9b57e4sb5bfoc2gdg4j"
                    ]
                  }
                ],
                "network_settings": [],
                "placement_policy": [],
                "platform_id": "standard-v1",
                "resources": [
                  {
                    "core_fraction": 100,
                    "cores": 2,
                    "gpus": 0,
                    "memory": 2
                  }
                ],
                "scheduling_policy": [
                  {
                    "preemptible": false
                  }
                ],
                "secondary_disk": [],
                "service_account_id": ""
              }
            ],
            "instances": [
              {
                "fqdn": "cl15dhhcr1052aq3cjb8-ixoz.ru-central1.internal",
                "instance_id": "fhmgs6nhda0bl552jkjd",
                "instance_tag": "",
                "name": "cl15dhhcr1052aq3cjb8-ixoz",
                "network_interface": [
                  {
                    "index": 0,
                    "ip_address": "192.168.2.10",
                    "ipv4": true,
                    "ipv6": false,
                    "ipv6_address": "",
                    "mac_address": "d0:0d:10:e1:af:16",
                    "nat": true,
                    "nat_ip_address": "89.169.130.5",
                    "nat_ip_version": "IPV4",
                    "subnet_id": "e9b57e4sb5bfoc2gdg4j"
                  }
                ],
                "status": "RUNNING_ACTUAL",
                "status_changed_at": "2024-07-28T13:55:28Z",
                "status_message": "",
                "zone_id": "ru-central1-a"
              },
              {
                "fqdn": "cl15dhhcr1052aq3cjb8-aloc.ru-central1.internal",
                "instance_id": "fhmpodmvkcpjbhl70j26",
                "instance_tag": "",
                "name": "cl15dhhcr1052aq3cjb8-aloc",
                "network_interface": [
                  {
                    "index": 0,
                    "ip_address": "192.168.2.13",
                    "ipv4": true,
                    "ipv6": false,
                    "ipv6_address": "",
                    "mac_address": "d0:0d:19:c3:6d:fa",
                    "nat": true,
                    "nat_ip_address": "84.201.135.240",
                    "nat_ip_version": "IPV4",
                    "subnet_id": "e9b57e4sb5bfoc2gdg4j"
                  }
                ],
                "status": "RUNNING_ACTUAL",
                "status_changed_at": "2024-07-28T13:55:32Z",
                "status_message": "",
                "zone_id": "ru-central1-a"
              }
            ],
            "labels": null,
            "load_balancer": [],
            "max_checking_health_duration": null,
            "name": "worker",
            "scale_policy": [
              {
                "auto_scale": [],
                "fixed_scale": [
                  {
                    "size": 2
                  }
                ],
                "test_auto_scale": []
              }
            ],
            "service_account_id": "aje7tmpsohd5ovma9ouf",
            "status": "ACTIVE",
            "timeouts": null,
            "variables": null
          },
          "sensitive_attributes": [],
          "private": "eyJlMmJmYjczMC1lY2FhLTExZTYtOGY4OC0zNDM2M2JjN2M0YzAiOnsiY3JlYXRlIjoxODAwMDAwMDAwMDAwLCJkZWxldGUiOjE4MDAwMDAwMDAwMDAsInVwZGF0ZSI6MTgwMDAwMDAwMDAwMH19",
          "dependencies": [
            "yandex_iam_service_account.iam-service",
            "yandex_resourcemanager_folder.tera",
            "yandex_resourcemanager_folder_iam_member.admin",
            "yandex_vpc_network.vpc_k8s_net",
            "yandex_vpc_subnet.vpc_k8s_sub"
          ]
        }
      ]
    },
    {
      "mode": "managed",
      "type": "yandex_iam_service_account",
      "name": "iam-service",
      "provider": "provider[\"registry.terraform.io/yandex-cloud/yandex\"]",
      "instances": [
        {
          "schema_version": 0,
          "attributes": {
            "created_at": "2024-07-28T13:54:39Z",
            "description": "service account from folder k8s-terra",
            "folder_id": "b1gce61qkebp1ltbb7no",
            "id": "aje7tmpsohd5ovma9ouf",
            "name": "iam-service",
            "timeouts": null
          },
          "sensitive_attributes": [],
          "private": "eyJlMmJmYjczMC1lY2FhLTExZTYtOGY4OC0zNDM2M2JjN2M0YzAiOnsiY3JlYXRlIjo2MDAwMDAwMDAwMCwiZGVsZXRlIjo2MDAwMDAwMDAwMCwidXBkYXRlIjo2MDAwMDAwMDAwMH19",
          "dependencies": [
            "yandex_resourcemanager_folder.tera"
          ]
        }
      ]
    },
    {
      "mode": "managed",
      "type": "yandex_iam_service_account_static_access_key",
      "name": "access_key",
      "provider": "provider[\"registry.terraform.io/yandex-cloud/yandex\"]",
      "instances": [
        {
          "schema_version": 0,
          "attributes": {
            "access_key": "YCAJEiT9KW9wfr2RVoh0K0koi",
            "created_at": "2024-07-28T13:54:40Z",
            "description": "",
            "encrypted_secret_key": null,
            "id": "ajeait4fmn3bqp8o2nrl",
            "key_fingerprint": null,
            "pgp_key": null,
            "secret_key": "YCNgbFnJ9T3gCChW_TXSVHUYgig-lvJ9z57dyutB",
            "service_account_id": "aje7tmpsohd5ovma9ouf"
          },
          "sensitive_attributes": [],
          "private": "bnVsbA==",
          "dependencies": [
            "yandex_iam_service_account.iam-service",
            "yandex_resourcemanager_folder.tera"
          ]
        }
      ]
    },
    {
      "mode": "managed",
      "type": "yandex_resourcemanager_folder",
      "name": "tera",
      "provider": "provider[\"registry.terraform.io/yandex-cloud/yandex\"]",
      "instances": [
        {
          "schema_version": 0,
          "attributes": {
            "cloud_id": "b1gblbp7v441epoftcdg",
            "created_at": "2024-07-27T20:59:22Z",
            "description": "folder from otus terraform",
            "id": "b1gce61qkebp1ltbb7no",
            "labels": {},
            "name": "tera",
            "timeouts": null
          },
          "sensitive_attributes": [],
          "private": "eyJlMmJmYjczMC1lY2FhLTExZTYtOGY4OC0zNDM2M2JjN2M0YzAiOnsiY3JlYXRlIjo2MDAwMDAwMDAwMCwiZGVsZXRlIjoxODAwMDAwMDAwMDAwLCJyZWFkIjo2MDAwMDAwMDAwMCwidXBkYXRlIjo2MDAwMDAwMDAwMH19"
        }
      ]
    },
    {
      "mode": "managed",
      "type": "yandex_resourcemanager_folder_iam_member",
      "name": "admin",
      "provider": "provider[\"registry.terraform.io/yandex-cloud/yandex\"]",
      "instances": [
        {
          "schema_version": 0,
          "attributes": {
            "folder_id": "b1gce61qkebp1ltbb7no",
            "id": "b1gce61qkebp1ltbb7no/admin/serviceAccount:aje7tmpsohd5ovma9ouf",
            "member": "serviceAccount:aje7tmpsohd5ovma9ouf",
            "role": "admin",
            "sleep_after": null,
            "timeouts": null
          },
          "sensitive_attributes": [],
          "private": "eyJlMmJmYjczMC1lY2FhLTExZTYtOGY4OC0zNDM2M2JjN2M0YzAiOnsiY3JlYXRlIjo2MDAwMDAwMDAwMCwiZGVmYXVsdCI6NjAwMDAwMDAwMDAsImRlbGV0ZSI6NjAwMDAwMDAwMDAsInJlYWQiOjYwMDAwMDAwMDAwLCJ1cGRhdGUiOjYwMDAwMDAwMDAwfX0=",
          "dependencies": [
            "yandex_iam_service_account.iam-service",
            "yandex_resourcemanager_folder.tera"
          ]
        }
      ]
    },
    {
      "mode": "managed",
      "type": "yandex_storage_bucket",
      "name": "test",
      "provider": "provider[\"registry.terraform.io/yandex-cloud/yandex\"]",
      "instances": [
        {
          "schema_version": 1,
          "attributes": {
            "access_key": "YCAJEiT9KW9wfr2RVoh0K0koi",
            "acl": null,
            "anonymous_access_flags": [
              {
                "config_read": true,
                "list": true,
                "read": true
              }
            ],
            "bucket": "testk8s",
            "bucket_domain_name": "testk8s.storage.yandexcloud.net",
            "bucket_prefix": null,
            "cors_rule": [],
            "default_storage_class": "STANDARD",
            "folder_id": "b1gce61qkebp1ltbb7no",
            "force_destroy": false,
            "grant": [],
            "https": [],
            "id": "testk8s",
            "lifecycle_rule": [],
            "logging": [],
            "max_size": 50000,
            "object_lock_configuration": [],
            "policy": "",
            "secret_key": "YCNgbFnJ9T3gCChW_TXSVHUYgig-lvJ9z57dyutB",
            "server_side_encryption_configuration": [],
            "tags": null,
            "versioning": [
              {
                "enabled": false
              }
            ],
            "website": [],
            "website_domain": null,
            "website_endpoint": null
          },
          "sensitive_attributes": [
            [
              {
                "type": "get_attr",
                "value": "secret_key"
              }
            ]
          ],
          "private": "eyJzY2hlbWFfdmVyc2lvbiI6IjEifQ==",
          "dependencies": [
            "yandex_iam_service_account.iam-service",
            "yandex_iam_service_account_static_access_key.access_key",
            "yandex_resourcemanager_folder.tera"
          ]
        }
      ]
    },
    {
      "mode": "managed",
      "type": "yandex_vpc_network",
      "name": "vpc_k8s_net",
      "provider": "provider[\"registry.terraform.io/yandex-cloud/yandex\"]",
      "instances": [
        {
          "schema_version": 0,
          "attributes": {
            "created_at": "2024-07-28T13:54:38Z",
            "default_security_group_id": "enp4l4fb0388u7g3ps1u",
            "description": "virtual network cluster k8s for ru-central1-a",
            "folder_id": "b1gce61qkebp1ltbb7no",
            "id": "enpvma8f0v9964lo63jq",
            "labels": {},
            "name": "netk8s",
            "subnet_ids": [],
            "timeouts": null
          },
          "sensitive_attributes": [],
          "private": "eyJlMmJmYjczMC1lY2FhLTExZTYtOGY4OC0zNDM2M2JjN2M0YzAiOnsiY3JlYXRlIjo2MDAwMDAwMDAwMCwiZGVsZXRlIjo2MDAwMDAwMDAwMCwidXBkYXRlIjo2MDAwMDAwMDAwMH19",
          "dependencies": [
            "yandex_resourcemanager_folder.tera"
          ]
        }
      ]
    },
    {
      "mode": "managed",
      "type": "yandex_vpc_security_group",
      "name": "allow_ssh",
      "provider": "provider[\"registry.terraform.io/yandex-cloud/yandex\"]",
      "instances": [
        {
          "schema_version": 0,
          "attributes": {
            "created_at": "2024-07-28T13:54:42Z",
            "description": "",
            "egress": [
              {
                "description": "Allow all outbound traffic",
                "from_port": 0,
                "id": "enp75h0779egnd7imfh9",
                "labels": {},
                "port": -1,
                "predefined_target": "",
                "protocol": "TCP",
                "security_group_id": "",
                "to_port": 65535,
                "v4_cidr_blocks": [
                  "0.0.0.0/0"
                ],
                "v6_cidr_blocks": []
              }
            ],
            "folder_id": "b1gce61qkebp1ltbb7no",
            "id": "enpmns2e7ori2mvjrk3s",
            "ingress": [
              {
                "description": "Allow SSH from anywhere",
                "from_port": -1,
                "id": "enpk6fiemaehdjlomgf5",
                "labels": {},
                "port": 22,
                "predefined_target": "",
                "protocol": "TCP",
                "security_group_id": "",
                "to_port": -1,
                "v4_cidr_blocks": [
                  "0.0.0.0/0"
                ],
                "v6_cidr_blocks": []
              }
            ],
            "labels": {},
            "name": "allow-ssh",
            "network_id": "enpvma8f0v9964lo63jq",
            "status": "ACTIVE",
            "timeouts": null
          },
          "sensitive_attributes": [],
          "private": "eyJlMmJmYjczMC1lY2FhLTExZTYtOGY4OC0zNDM2M2JjN2M0YzAiOnsiY3JlYXRlIjoxODAwMDAwMDAwMDAsImRlbGV0ZSI6MTgwMDAwMDAwMDAwLCJ1cGRhdGUiOjE4MDAwMDAwMDAwMH19",
          "dependencies": [
            "yandex_resourcemanager_folder.tera",
            "yandex_vpc_network.vpc_k8s_net"
          ]
        }
      ]
    },
    {
      "mode": "managed",
      "type": "yandex_vpc_subnet",
      "name": "vpc_k8s_sub",
      "provider": "provider[\"registry.terraform.io/yandex-cloud/yandex\"]",
      "instances": [
        {
          "schema_version": 0,
          "attributes": {
            "created_at": "2024-07-28T13:54:41Z",
            "description": "virtual subnet cluster k8s for ru-central1-a",
            "dhcp_options": [],
            "folder_id": "b1gce61qkebp1ltbb7no",
            "id": "e9b57e4sb5bfoc2gdg4j",
            "labels": {},
            "name": "subk8s",
            "network_id": "enpvma8f0v9964lo63jq",
            "route_table_id": "",
            "timeouts": null,
            "v4_cidr_blocks": [
              "192.168.2.0/28"
            ],
            "v6_cidr_blocks": [],
            "zone": "ru-central1-a"
          },
          "sensitive_attributes": [],
          "private": "eyJlMmJmYjczMC1lY2FhLTExZTYtOGY4OC0zNDM2M2JjN2M0YzAiOnsiY3JlYXRlIjoxODAwMDAwMDAwMDAsImRlbGV0ZSI6MTgwMDAwMDAwMDAwLCJ1cGRhdGUiOjE4MDAwMDAwMDAwMH19",
          "dependencies": [
            "yandex_resourcemanager_folder.tera",
            "yandex_vpc_network.vpc_k8s_net"
          ]
        }
      ]
    }
  ],
  "check_results": null
}
