{
  "version": 4,
  "terraform_version": "1.7.4",
  "serial": 154,
  "lineage": "74e576f4-6e0f-2d95-ee43-833998860c6d",
  "outputs": {},
  "resources": [
    {
      "mode": "managed",
      "type": "yandex_resourcemanager_folder",
      "name": "tera",
      "provider": "provider[\"registry.terraform.io/yandex-cloud/yandex\"]",
      "instances": [
        {
          "schema_version": 0,
          "attributes": {
            "cloud_id": "b1gblbp7v441epoftcdg",
            "created_at": "2024-08-11T16:55:12Z",
            "description": "folder from otus terraform",
            "id": "b1g7ikruul2rd1r9b82q",
            "labels": {},
            "name": "terraform",
            "timeouts": null
          },
          "sensitive_attributes": [],
          "private": "eyJlMmJmYjczMC1lY2FhLTExZTYtOGY4OC0zNDM2M2JjN2M0YzAiOnsiY3JlYXRlIjo2MDAwMDAwMDAwMCwiZGVsZXRlIjoxODAwMDAwMDAwMDAwLCJyZWFkIjo2MDAwMDAwMDAwMCwidXBkYXRlIjo2MDAwMDAwMDAwMH19"
        }
      ]
    }
  ],
  "check_results": null
}
