{
  "version": 4,
  "terraform_version": "1.7.4",
  "serial": 143,
  "lineage": "74e576f4-6e0f-2d95-ee43-833998860c6d",
  "outputs": {
    "bucket_domain_name": {
      "value": "prodk8s.storage.yandexcloud.net",
      "type": "string"
    },
    "cloud_id_01": {
      "value": "b1gblbp7v441epoftcdg",
      "type": "string"
    },
    "control_group_instance_id": {
      "value": "cl1nnh1htk93791cf5vq",
      "type": "string"
    },
    "folder_id_02": {
      "value": "b1g7ikruul2rd1r9b82q",
      "type": "string"
    },
    "netwo_info": {
      "value": {
        "control_plane": [
          "192.168.2.11"
        ],
        "ip_worker_nodes": [
          "192.168.2.4",
          "192.168.2.13"
        ],
        "vpc_network_id": "enppvb579qm2nrlhgp7t"
      },
      "type": [
        "object",
        {
          "control_plane": [
            "tuple",
            [
              "string"
            ]
          ],
          "ip_worker_nodes": [
            "tuple",
            [
              "string",
              "string"
            ]
          ],
          "vpc_network_id": "string"
        }
      ]
    },
    "s3_bucket_id": {
      "value": "prodk8s",
      "type": "string"
    },
    "sa_access_key_id": {
      "value": "YCAJEuv3-dmoDEnQt7ZjslPYl",
      "type": "string"
    },
    "security_group_id": {
      "value": "enpq4seep4i9kv9i6qug",
      "type": "string"
    },
    "service_account_id": {
      "value": "ajep8v5dbau64fb17l9p",
      "type": "string"
    },
    "vpc_subnet_id": {
      "value": "e9brtr1fl839g9f2994h",
      "type": "string"
    }
  },
  "resources": [
    {
      "mode": "managed",
      "type": "local_file",
      "name": "inventory",
      "provider": "provider[\"registry.terraform.io/hashicorp/local\"]",
      "instances": [
        {
          "schema_version": 0,
          "attributes": {
            "content": "[control]\n89.169.147.135 ansible_user=debian ansible_private_key_file=/home/localadm/.ssh/id_ed25519.pub\n\n[worker]\n89.169.132.7 ansible_user=debian ansible_private_key_file=/home/localadm/.ssh/id_ed25519.pub\n89.169.148.54 ansible_user=debian ansible_private_key_file=/home/localadm/.ssh/id_ed25519.pub\n\n[all_hosts:children]\ncontrol\nworker\n\n\n",
            "content_base64": null,
            "content_base64sha256": "PApEv4ltA6rp6dg6Yz4RbTJi0PqkcXPahwi5UKWz52M=",
            "content_base64sha512": "dpSCHoB/eseHKkBmwsjkZNwG2AeaShhGcEG8kx0FJQi3h81shLZan4EnxcXWO/G2WxF8i9cP+DzTYp29pS384w==",
            "content_md5": "0d8a6a9f5790c323ce0c2850671578fe",
            "content_sha1": "2a6e789d6b822f13ad18ec566860128edcbfb660",
            "content_sha256": "3c0a44bf896d03aae9e9d83a633e116d3262d0faa47173da8708b950a5b3e763",
            "content_sha512": "7694821e807f7ac7872a4066c2c8e464dc06d8079a4a18467041bc931d052508b787cd6c84b65a9f8127c5c5d63bf1b65b117c8bd70ff83cd3629dbda52dfce3",
            "directory_permission": "0777",
            "file_permission": "0777",
            "filename": "./ansible/inventory",
            "id": "2a6e789d6b822f13ad18ec566860128edcbfb660",
            "sensitive_content": null,
            "source": null
          },
          "sensitive_attributes": [],
          "dependencies": [
            "yandex_compute_instance_group.control",
            "yandex_compute_instance_group.worker",
            "yandex_iam_service_account.service-account",
            "yandex_resourcemanager_folder.tera",
            "yandex_resourcemanager_folder_iam_member.admin",
            "yandex_vpc_network.vpc_k8s_net",
            "yandex_vpc_subnet.vpc_k8s_sub"
          ]
        }
      ]
    },
    {
      "mode": "managed",
      "type": "yandex_compute_instance_group",
      "name": "control",
      "provider": "provider[\"registry.terraform.io/yandex-cloud/yandex\"]",
      "instances": [
        {
          "schema_version": 0,
          "attributes": {
            "allocation_policy": [
              {
                "instance_tags_pool": [],
                "zones": [
                  "ru-central1-a"
                ]
              }
            ],
            "application_load_balancer": [],
            "created_at": "2024-08-11T17:45:33Z",
            "deletion_protection": false,
            "deploy_policy": [
              {
                "max_creating": 0,
                "max_deleting": 0,
                "max_expansion": 0,
                "max_unavailable": 1,
                "startup_duration": 0,
                "strategy": "proactive"
              }
            ],
            "description": "",
            "folder_id": "b1g7ikruul2rd1r9b82q",
            "health_check": [],
            "id": "cl1nnh1htk93791cf5vq",
            "instance_template": [
              {
                "boot_disk": [
                  {
                    "device_name": "",
                    "disk_id": "",
                    "initialize_params": [
                      {
                        "description": "",
                        "image_id": "fd89nebr9a651021u19i",
                        "size": 15,
                        "snapshot_id": "",
                        "type": "network-hdd"
                      }
                    ],
                    "mode": "READ_WRITE",
                    "name": ""
                  }
                ],
                "description": "",
                "filesystem": [],
                "hostname": "",
                "labels": {},
                "metadata": {
                  "ssh-keys": "localadm:ssh-ed25519 AAAAC3NzaC1lZDI1NTE5AAAAIOym6WBs38IXVro964eQYqCTN4LNigUdCt1ZVJVOqBYo localadm@DEB\n"
                },
                "metadata_options": [
                  {
                    "aws_v1_http_endpoint": 0,
                    "aws_v1_http_token": 0,
                    "gce_http_endpoint": 0,
                    "gce_http_token": 0
                  }
                ],
                "name": "",
                "network_interface": [
                  {
                    "dns_record": [],
                    "ip_address": "",
                    "ipv4": true,
                    "ipv6": false,
                    "ipv6_address": "",
                    "ipv6_dns_record": [],
                    "nat": true,
                    "nat_dns_record": [],
                    "nat_ip_address": "",
                    "network_id": "enppvb579qm2nrlhgp7t",
                    "security_group_ids": [],
                    "subnet_ids": [
                      "e9brtr1fl839g9f2994h"
                    ]
                  }
                ],
                "network_settings": [],
                "placement_policy": [],
                "platform_id": "standard-v1",
                "resources": [
                  {
                    "core_fraction": 100,
                    "cores": 2,
                    "gpus": 0,
                    "memory": 2
                  }
                ],
                "scheduling_policy": [
                  {
                    "preemptible": false
                  }
                ],
                "secondary_disk": [],
                "service_account_id": ""
              }
            ],
            "instances": [
              {
                "fqdn": "cl1nnh1htk93791cf5vq-ymug.ru-central1.internal",
                "instance_id": "fhm7i1thn5h7f89m2nbj",
                "instance_tag": "",
                "name": "cl1nnh1htk93791cf5vq-ymug",
                "network_interface": [
                  {
                    "index": 0,
                    "ip_address": "192.168.2.11",
                    "ipv4": true,
                    "ipv6": false,
                    "ipv6_address": "",
                    "mac_address": "d0:0d:79:07:b1:b9",
                    "nat": true,
                    "nat_ip_address": "89.169.147.135",
                    "nat_ip_version": "IPV4",
                    "subnet_id": "e9brtr1fl839g9f2994h"
                  }
                ],
                "status": "RUNNING_ACTUAL",
                "status_changed_at": "2024-08-11T17:46:23Z",
                "status_message": "",
                "zone_id": "ru-central1-a"
              }
            ],
            "labels": {},
            "load_balancer": [],
            "max_checking_health_duration": null,
            "name": "control",
            "scale_policy": [
              {
                "auto_scale": [],
                "fixed_scale": [
                  {
                    "size": 1
                  }
                ],
                "test_auto_scale": []
              }
            ],
            "service_account_id": "ajep8v5dbau64fb17l9p",
            "status": "ACTIVE",
            "timeouts": null,
            "variables": {}
          },
          "sensitive_attributes": [],
          "private": "eyJlMmJmYjczMC1lY2FhLTExZTYtOGY4OC0zNDM2M2JjN2M0YzAiOnsiY3JlYXRlIjoxODAwMDAwMDAwMDAwLCJkZWxldGUiOjE4MDAwMDAwMDAwMDAsInVwZGF0ZSI6MTgwMDAwMDAwMDAwMH19",
          "dependencies": [
            "yandex_iam_service_account.service-account",
            "yandex_resourcemanager_folder.tera",
            "yandex_resourcemanager_folder_iam_member.admin",
            "yandex_vpc_network.vpc_k8s_net",
            "yandex_vpc_subnet.vpc_k8s_sub"
          ]
        }
      ]
    },
    {
      "mode": "managed",
      "type": "yandex_compute_instance_group",
      "name": "worker",
      "provider": "provider[\"registry.terraform.io/yandex-cloud/yandex\"]",
      "instances": [
        {
          "schema_version": 0,
          "attributes": {
            "allocation_policy": [
              {
                "instance_tags_pool": [],
                "zones": [
                  "ru-central1-a"
                ]
              }
            ],
            "application_load_balancer": [],
            "created_at": "2024-08-11T17:46:24Z",
            "deletion_protection": false,
            "deploy_policy": [
              {
                "max_creating": 0,
                "max_deleting": 0,
                "max_expansion": 0,
                "max_unavailable": 1,
                "startup_duration": 0,
                "strategy": "proactive"
              }
            ],
            "description": "",
            "folder_id": "b1g7ikruul2rd1r9b82q",
            "health_check": [],
            "id": "cl1t4ldu1ks8pqbfmeip",
            "instance_template": [
              {
                "boot_disk": [
                  {
                    "device_name": "",
                    "disk_id": "",
                    "initialize_params": [
                      {
                        "description": "",
                        "image_id": "fd89nebr9a651021u19i",
                        "size": 15,
                        "snapshot_id": "",
                        "type": "network-hdd"
                      }
                    ],
                    "mode": "READ_WRITE",
                    "name": ""
                  }
                ],
                "description": "",
                "filesystem": [],
                "hostname": "",
                "labels": {},
                "metadata": {
                  "ssh-keys": "localadm:ssh-ed25519 AAAAC3NzaC1lZDI1NTE5AAAAIOym6WBs38IXVro964eQYqCTN4LNigUdCt1ZVJVOqBYo localadm@DEB\n"
                },
                "metadata_options": [
                  {
                    "aws_v1_http_endpoint": 0,
                    "aws_v1_http_token": 0,
                    "gce_http_endpoint": 0,
                    "gce_http_token": 0
                  }
                ],
                "name": "",
                "network_interface": [
                  {
                    "dns_record": [],
                    "ip_address": "",
                    "ipv4": true,
                    "ipv6": false,
                    "ipv6_address": "",
                    "ipv6_dns_record": [],
                    "nat": true,
                    "nat_dns_record": [],
                    "nat_ip_address": "",
                    "network_id": "enppvb579qm2nrlhgp7t",
                    "security_group_ids": [],
                    "subnet_ids": [
                      "e9brtr1fl839g9f2994h"
                    ]
                  }
                ],
                "network_settings": [],
                "placement_policy": [],
                "platform_id": "standard-v1",
                "resources": [
                  {
                    "core_fraction": 100,
                    "cores": 2,
                    "gpus": 0,
                    "memory": 2
                  }
                ],
                "scheduling_policy": [
                  {
                    "preemptible": false
                  }
                ],
                "secondary_disk": [],
                "service_account_id": ""
              }
            ],
            "instances": [
              {
                "fqdn": "cl1t4ldu1ks8pqbfmeip-uvus.ru-central1.internal",
                "instance_id": "fhm7c3765m98a51eudrm",
                "instance_tag": "",
                "name": "cl1t4ldu1ks8pqbfmeip-uvus",
                "network_interface": [
                  {
                    "index": 0,
                    "ip_address": "192.168.2.4",
                    "ipv4": true,
                    "ipv6": false,
                    "ipv6_address": "",
                    "mac_address": "d0:0d:76:0c:e6:2d",
                    "nat": true,
                    "nat_ip_address": "89.169.132.7",
                    "nat_ip_version": "IPV4",
                    "subnet_id": "e9brtr1fl839g9f2994h"
                  }
                ],
                "status": "RUNNING_ACTUAL",
                "status_changed_at": "2024-08-11T17:47:04Z",
                "status_message": "",
                "zone_id": "ru-central1-a"
              },
              {
                "fqdn": "cl1t4ldu1ks8pqbfmeip-iwew.ru-central1.internal",
                "instance_id": "fhm7mlckmbfa45opn6go",
                "instance_tag": "",
                "name": "cl1t4ldu1ks8pqbfmeip-iwew",
                "network_interface": [
                  {
                    "index": 0,
                    "ip_address": "192.168.2.13",
                    "ipv4": true,
                    "ipv6": false,
                    "ipv6_address": "",
                    "mac_address": "d0:0d:7b:55:94:b2",
                    "nat": true,
                    "nat_ip_address": "89.169.148.54",
                    "nat_ip_version": "IPV4",
                    "subnet_id": "e9brtr1fl839g9f2994h"
                  }
                ],
                "status": "RUNNING_ACTUAL",
                "status_changed_at": "2024-08-11T17:47:02Z",
                "status_message": "",
                "zone_id": "ru-central1-a"
              }
            ],
            "labels": {},
            "load_balancer": [],
            "max_checking_health_duration": null,
            "name": "worker",
            "scale_policy": [
              {
                "auto_scale": [],
                "fixed_scale": [
                  {
                    "size": 2
                  }
                ],
                "test_auto_scale": []
              }
            ],
            "service_account_id": "ajep8v5dbau64fb17l9p",
            "status": "ACTIVE",
            "timeouts": null,
            "variables": {}
          },
          "sensitive_attributes": [],
          "private": "eyJlMmJmYjczMC1lY2FhLTExZTYtOGY4OC0zNDM2M2JjN2M0YzAiOnsiY3JlYXRlIjoxODAwMDAwMDAwMDAwLCJkZWxldGUiOjE4MDAwMDAwMDAwMDAsInVwZGF0ZSI6MTgwMDAwMDAwMDAwMH19",
          "dependencies": [
            "yandex_compute_instance_group.control",
            "yandex_iam_service_account.service-account",
            "yandex_resourcemanager_folder.tera",
            "yandex_resourcemanager_folder_iam_member.admin",
            "yandex_vpc_network.vpc_k8s_net",
            "yandex_vpc_subnet.vpc_k8s_sub"
          ]
        }
      ]
    },
    {
      "mode": "managed",
      "type": "yandex_iam_service_account",
      "name": "service-account",
      "provider": "provider[\"registry.terraform.io/yandex-cloud/yandex\"]",
      "instances": [
        {
          "schema_version": 0,
          "attributes": {
            "created_at": "2024-08-11T17:45:27Z",
            "description": "service account from folder k8s-terra",
            "folder_id": "b1g7ikruul2rd1r9b82q",
            "id": "ajep8v5dbau64fb17l9p",
            "name": "service",
            "timeouts": null
          },
          "sensitive_attributes": [],
          "private": "eyJlMmJmYjczMC1lY2FhLTExZTYtOGY4OC0zNDM2M2JjN2M0YzAiOnsiY3JlYXRlIjo2MDAwMDAwMDAwMCwiZGVsZXRlIjo2MDAwMDAwMDAwMCwidXBkYXRlIjo2MDAwMDAwMDAwMH19",
          "dependencies": [
            "yandex_resourcemanager_folder.tera"
          ]
        }
      ]
    },
    {
      "mode": "managed",
      "type": "yandex_iam_service_account_static_access_key",
      "name": "access_key",
      "provider": "provider[\"registry.terraform.io/yandex-cloud/yandex\"]",
      "instances": [
        {
          "schema_version": 0,
          "attributes": {
            "access_key": "YCAJEuv3-dmoDEnQt7ZjslPYl",
            "created_at": "2024-08-11T17:45:29Z",
            "description": "",
            "encrypted_secret_key": null,
            "id": "aje1499kbqfifqv541bt",
            "key_fingerprint": null,
            "pgp_key": null,
            "secret_key": "YCOKkGY2CLJxt758SzZKqBi4AhJ00uuhF9cL_5Iw",
            "service_account_id": "ajep8v5dbau64fb17l9p"
          },
          "sensitive_attributes": [],
          "private": "bnVsbA==",
          "dependencies": [
            "yandex_iam_service_account.service-account",
            "yandex_resourcemanager_folder.tera"
          ]
        }
      ]
    },
    {
      "mode": "managed",
      "type": "yandex_resourcemanager_folder",
      "name": "tera",
      "provider": "provider[\"registry.terraform.io/yandex-cloud/yandex\"]",
      "instances": [
        {
          "schema_version": 0,
          "attributes": {
            "cloud_id": "b1gblbp7v441epoftcdg",
            "created_at": "2024-08-11T16:55:12Z",
            "description": "folder from otus terraform",
            "id": "b1g7ikruul2rd1r9b82q",
            "labels": {},
            "name": "terraform",
            "timeouts": null
          },
          "sensitive_attributes": [],
          "private": "eyJlMmJmYjczMC1lY2FhLTExZTYtOGY4OC0zNDM2M2JjN2M0YzAiOnsiY3JlYXRlIjo2MDAwMDAwMDAwMCwiZGVsZXRlIjoxODAwMDAwMDAwMDAwLCJyZWFkIjo2MDAwMDAwMDAwMCwidXBkYXRlIjo2MDAwMDAwMDAwMH19"
        }
      ]
    },
    {
      "mode": "managed",
      "type": "yandex_resourcemanager_folder_iam_member",
      "name": "admin",
      "provider": "provider[\"registry.terraform.io/yandex-cloud/yandex\"]",
      "instances": [
        {
          "schema_version": 0,
          "attributes": {
            "folder_id": "b1g7ikruul2rd1r9b82q",
            "id": "b1g7ikruul2rd1r9b82q/admin/serviceAccount:ajep8v5dbau64fb17l9p",
            "member": "serviceAccount:ajep8v5dbau64fb17l9p",
            "role": "admin",
            "sleep_after": null,
            "timeouts": null
          },
          "sensitive_attributes": [],
          "private": "eyJlMmJmYjczMC1lY2FhLTExZTYtOGY4OC0zNDM2M2JjN2M0YzAiOnsiY3JlYXRlIjo2MDAwMDAwMDAwMCwiZGVmYXVsdCI6NjAwMDAwMDAwMDAsImRlbGV0ZSI6NjAwMDAwMDAwMDAsInJlYWQiOjYwMDAwMDAwMDAwLCJ1cGRhdGUiOjYwMDAwMDAwMDAwfX0=",
          "dependencies": [
            "yandex_iam_service_account.service-account",
            "yandex_resourcemanager_folder.tera"
          ]
        }
      ]
    },
    {
      "mode": "managed",
      "type": "yandex_storage_bucket",
      "name": "test",
      "provider": "provider[\"registry.terraform.io/yandex-cloud/yandex\"]",
      "instances": [
        {
          "schema_version": 1,
          "attributes": {
            "access_key": "YCAJEuv3-dmoDEnQt7ZjslPYl",
            "acl": null,
            "anonymous_access_flags": [
              {
                "config_read": true,
                "list": true,
                "read": true
              }
            ],
            "bucket": "prodk8s",
            "bucket_domain_name": "prodk8s.storage.yandexcloud.net",
            "bucket_prefix": null,
            "cors_rule": [],
            "default_storage_class": "STANDARD",
            "folder_id": "b1g7ikruul2rd1r9b82q",
            "force_destroy": false,
            "grant": [],
            "https": [],
            "id": "prodk8s",
            "lifecycle_rule": [],
            "logging": [],
            "max_size": 4000,
            "object_lock_configuration": [],
            "policy": "",
            "secret_key": "YCOKkGY2CLJxt758SzZKqBi4AhJ00uuhF9cL_5Iw",
            "server_side_encryption_configuration": [],
            "tags": {},
            "versioning": [
              {
                "enabled": false
              }
            ],
            "website": [],
            "website_domain": null,
            "website_endpoint": null
          },
          "sensitive_attributes": [
            [
              {
                "type": "get_attr",
                "value": "secret_key"
              }
            ]
          ],
          "private": "eyJzY2hlbWFfdmVyc2lvbiI6IjEifQ==",
          "dependencies": [
            "yandex_iam_service_account.service-account",
            "yandex_iam_service_account_static_access_key.access_key",
            "yandex_resourcemanager_folder.tera"
          ]
        }
      ]
    },
    {
      "mode": "managed",
      "type": "yandex_vpc_network",
      "name": "vpc_k8s_net",
      "provider": "provider[\"registry.terraform.io/yandex-cloud/yandex\"]",
      "instances": [
        {
          "schema_version": 0,
          "attributes": {
            "created_at": "2024-08-11T17:45:27Z",
            "default_security_group_id": "enpo7gs5ff10cs17mink",
            "description": "virtual network cluster k8s for ru-central1-a",
            "folder_id": "b1g7ikruul2rd1r9b82q",
            "id": "enppvb579qm2nrlhgp7t",
            "labels": {},
            "name": "netk8s",
            "subnet_ids": [
              "e9brtr1fl839g9f2994h"
            ],
            "timeouts": null
          },
          "sensitive_attributes": [],
          "private": "eyJlMmJmYjczMC1lY2FhLTExZTYtOGY4OC0zNDM2M2JjN2M0YzAiOnsiY3JlYXRlIjo2MDAwMDAwMDAwMCwiZGVsZXRlIjo2MDAwMDAwMDAwMCwidXBkYXRlIjo2MDAwMDAwMDAwMH19",
          "dependencies": [
            "yandex_resourcemanager_folder.tera"
          ]
        }
      ]
    },
    {
      "mode": "managed",
      "type": "yandex_vpc_security_group",
      "name": "allow_ssh",
      "provider": "provider[\"registry.terraform.io/yandex-cloud/yandex\"]",
      "instances": [
        {
          "schema_version": 0,
          "attributes": {
            "created_at": "2024-08-11T17:45:31Z",
            "description": "",
            "egress": [
              {
                "description": "Allow all outbound traffic",
                "from_port": -1,
                "id": "enpaa48hakku0is813ls",
                "labels": {},
                "port": 53,
                "predefined_target": "",
                "protocol": "TCP",
                "security_group_id": "",
                "to_port": -1,
                "v4_cidr_blocks": [
                  "0.0.0.0/0"
                ],
                "v6_cidr_blocks": []
              },
              {
                "description": "Allow all outbound traffic",
                "from_port": -1,
                "id": "enpafjb30iij4g3vgv3s",
                "labels": {},
                "port": 80,
                "predefined_target": "",
                "protocol": "TCP",
                "security_group_id": "",
                "to_port": -1,
                "v4_cidr_blocks": [
                  "0.0.0.0/0"
                ],
                "v6_cidr_blocks": []
              },
              {
                "description": "Allow all outbound traffic",
                "from_port": -1,
                "id": "enpbt5e8l4dae53da8bu",
                "labels": {},
                "port": 22,
                "predefined_target": "",
                "protocol": "TCP",
                "security_group_id": "",
                "to_port": -1,
                "v4_cidr_blocks": [
                  "0.0.0.0/0"
                ],
                "v6_cidr_blocks": []
              },
              {
                "description": "Allow all outbound traffic",
                "from_port": -1,
                "id": "enpkikkmkta3dre3pdia",
                "labels": {},
                "port": 8080,
                "predefined_target": "",
                "protocol": "TCP",
                "security_group_id": "",
                "to_port": -1,
                "v4_cidr_blocks": [
                  "0.0.0.0/0"
                ],
                "v6_cidr_blocks": []
              }
            ],
            "folder_id": "b1g7ikruul2rd1r9b82q",
            "id": "enpq4seep4i9kv9i6qug",
            "ingress": [
              {
                "description": "Allow SSH from anywhere",
                "from_port": -1,
                "id": "enp1mq8se7eq0385osbs",
                "labels": {},
                "port": 80,
                "predefined_target": "",
                "protocol": "TCP",
                "security_group_id": "",
                "to_port": -1,
                "v4_cidr_blocks": [
                  "0.0.0.0/0"
                ],
                "v6_cidr_blocks": []
              },
              {
                "description": "Allow SSH from anywhere",
                "from_port": -1,
                "id": "enpc19tasaflk5hkbtvh",
                "labels": {},
                "port": 22,
                "predefined_target": "",
                "protocol": "TCP",
                "security_group_id": "",
                "to_port": -1,
                "v4_cidr_blocks": [
                  "0.0.0.0/0"
                ],
                "v6_cidr_blocks": []
              },
              {
                "description": "Allow SSH from anywhere",
                "from_port": -1,
                "id": "enpjuvsj1a48maq1th47",
                "labels": {},
                "port": 8080,
                "predefined_target": "",
                "protocol": "TCP",
                "security_group_id": "",
                "to_port": -1,
                "v4_cidr_blocks": [
                  "0.0.0.0/0"
                ],
                "v6_cidr_blocks": []
              }
            ],
            "labels": {},
            "name": "allow-ssh",
            "network_id": "enppvb579qm2nrlhgp7t",
            "status": "ACTIVE",
            "timeouts": null
          },
          "sensitive_attributes": [],
          "private": "eyJlMmJmYjczMC1lY2FhLTExZTYtOGY4OC0zNDM2M2JjN2M0YzAiOnsiY3JlYXRlIjoxODAwMDAwMDAwMDAsImRlbGV0ZSI6MTgwMDAwMDAwMDAwLCJ1cGRhdGUiOjE4MDAwMDAwMDAwMH19",
          "dependencies": [
            "yandex_resourcemanager_folder.tera",
            "yandex_vpc_network.vpc_k8s_net"
          ]
        }
      ]
    },
    {
      "mode": "managed",
      "type": "yandex_vpc_subnet",
      "name": "vpc_k8s_sub",
      "provider": "provider[\"registry.terraform.io/yandex-cloud/yandex\"]",
      "instances": [
        {
          "schema_version": 0,
          "attributes": {
            "created_at": "2024-08-11T17:45:29Z",
            "description": "virtual subnet cluster k8s for ru-central1-a",
            "dhcp_options": [],
            "folder_id": "b1g7ikruul2rd1r9b82q",
            "id": "e9brtr1fl839g9f2994h",
            "labels": {},
            "name": "subk8s",
            "network_id": "enppvb579qm2nrlhgp7t",
            "route_table_id": "",
            "timeouts": null,
            "v4_cidr_blocks": [
              "192.168.2.0/28"
            ],
            "v6_cidr_blocks": [],
            "zone": "ru-central1-a"
          },
          "sensitive_attributes": [],
          "private": "eyJlMmJmYjczMC1lY2FhLTExZTYtOGY4OC0zNDM2M2JjN2M0YzAiOnsiY3JlYXRlIjoxODAwMDAwMDAwMDAsImRlbGV0ZSI6MTgwMDAwMDAwMDAwLCJ1cGRhdGUiOjE4MDAwMDAwMDAwMH19",
          "dependencies": [
            "yandex_resourcemanager_folder.tera",
            "yandex_vpc_network.vpc_k8s_net"
          ]
        }
      ]
    }
  ],
  "check_results": null
}
