{
  "version": 4,
  "terraform_version": "1.7.4",
  "serial": 290,
  "lineage": "74e576f4-6e0f-2d95-ee43-833998860c6d",
  "outputs": {},
  "resources": [
    {
      "mode": "data",
      "type": "yandex_compute_image",
      "name": "debian_image",
      "provider": "provider[\"registry.terraform.io/yandex-cloud/yandex\"]",
      "instances": [
        {
          "schema_version": 0,
          "attributes": {
            "created_at": "2024-08-19T11:00:34Z",
            "description": "debian 12",
            "family": "debian-12",
            "folder_id": "standard-images",
            "id": "fd89ttb7nfa4duq36f9o",
            "image_id": "fd89ttb7nfa4duq36f9o",
            "labels": {},
            "min_disk_size": 5,
            "name": "debian-12-v20240819",
            "os_type": "linux",
            "pooled": true,
            "product_ids": [
              "f2e9ko5stg5govievlnt"
            ],
            "size": 2,
            "status": "ready"
          },
          "sensitive_attributes": []
        }
      ]
    },
    {
      "mode": "data",
      "type": "yandex_compute_image",
      "name": "debian_image_w",
      "provider": "provider[\"registry.terraform.io/yandex-cloud/yandex\"]",
      "instances": [
        {
          "schema_version": 0,
          "attributes": {
            "created_at": "2024-08-19T11:00:34Z",
            "description": "debian 12",
            "family": "debian-12",
            "folder_id": "standard-images",
            "id": "fd89ttb7nfa4duq36f9o",
            "image_id": "fd89ttb7nfa4duq36f9o",
            "labels": {},
            "min_disk_size": 5,
            "name": "debian-12-v20240819",
            "os_type": "linux",
            "pooled": true,
            "product_ids": [
              "f2e9ko5stg5govievlnt"
            ],
            "size": 2,
            "status": "ready"
          },
          "sensitive_attributes": []
        }
      ]
    },
    {
      "mode": "managed",
      "type": "local_file",
      "name": "inventory",
      "provider": "provider[\"registry.terraform.io/hashicorp/local\"]",
      "instances": [
        {
          "schema_version": 0,
          "attributes": {
            "content": "[control]\n89.169.149.199 ansible_user=debian ansible_private_key_file=/home/localadm/.ssh/id_ed25519.pub\n\n[worker]\n89.169.140.172 ansible_user=debian ansible_private_key_file=/home/localadm/.ssh/id_ed25519.pub\n89.169.148.74 ansible_user=debian ansible_private_key_file=/home/localadm/.ssh/id_ed25519.pub\n\n[all_hosts:children]\ncontrol\nworker\n\n\n",
            "content_base64": null,
            "content_base64sha256": "fY452juimk6pjMZwFjBNSyaGidnLX948bg9UejaqjAE=",
            "content_base64sha512": "pEQjzBwFO82mVe7H9gzOdO/MBcybr1GjMjr+97mwd0tyweHuunrOhJLi09MFAZKTzVrthJUPzkGOY45HrAVtDg==",
            "content_md5": "d40c8205950710861ffe54132f9dcc93",
            "content_sha1": "7004da4f2d9f20ee95b6e5e745c5cba547bb66c3",
            "content_sha256": "7d8e39da3ba29a4ea98cc67016304d4b268689d9cb5fde3c6e0f547a36aa8c01",
            "content_sha512": "a44423cc1c053bcda655eec7f60cce74efcc05cc9baf51a3323afef7b9b0774b72c1e1eeba7ace8492e2d3d305019293cd5aed84950fce418e638e47ac056d0e",
            "directory_permission": "0777",
            "file_permission": "0777",
            "filename": "./ansible/inventory",
            "id": "7004da4f2d9f20ee95b6e5e745c5cba547bb66c3",
            "sensitive_content": null,
            "source": null
          },
          "sensitive_attributes": [],
          "dependencies": [
            "data.yandex_compute_image.debian_image",
            "data.yandex_compute_image.debian_image_w",
            "yandex_compute_instance_group.control",
            "yandex_compute_instance_group.worker",
            "yandex_iam_service_account.service-account",
            "yandex_resourcemanager_folder.tera",
            "yandex_resourcemanager_folder_iam_member.admin",
            "yandex_vpc_network.vpc_k8s_net",
            "yandex_vpc_subnet.vpc_k8s_sub"
          ]
        }
      ]
    },
    {
      "mode": "managed",
      "type": "yandex_compute_instance_group",
      "name": "control",
      "provider": "provider[\"registry.terraform.io/yandex-cloud/yandex\"]",
      "instances": [
        {
          "schema_version": 0,
          "attributes": {
            "allocation_policy": [
              {
                "instance_tags_pool": [],
                "zones": [
                  "ru-central1-a"
                ]
              }
            ],
            "application_load_balancer": [],
            "created_at": "2024-08-24T17:30:02Z",
            "deletion_protection": false,
            "deploy_policy": [
              {
                "max_creating": 0,
                "max_deleting": 0,
                "max_expansion": 0,
                "max_unavailable": 1,
                "startup_duration": 0,
                "strategy": "proactive"
              }
            ],
            "description": "",
            "folder_id": "b1gfukmusmh0q6j3ulak",
            "health_check": [],
            "id": "cl1lhefds3bhq6dpnnlh",
            "instance_template": [
              {
                "boot_disk": [
                  {
                    "device_name": "",
                    "disk_id": "",
                    "initialize_params": [
                      {
                        "description": "",
                        "image_id": "fd89ttb7nfa4duq36f9o",
                        "size": 20,
                        "snapshot_id": "",
                        "type": "network-hdd"
                      }
                    ],
                    "mode": "READ_WRITE",
                    "name": ""
                  }
                ],
                "description": "",
                "filesystem": [],
                "hostname": "",
                "labels": {},
                "metadata": {
                  "ssh-keys": "localadm:ssh-ed25519 AAAAC3NzaC1lZDI1NTE5AAAAIOym6WBs38IXVro964eQYqCTN4LNigUdCt1ZVJVOqBYo localadm@DEB\n"
                },
                "metadata_options": [
                  {
                    "aws_v1_http_endpoint": 0,
                    "aws_v1_http_token": 0,
                    "gce_http_endpoint": 0,
                    "gce_http_token": 0
                  }
                ],
                "name": "",
                "network_interface": [
                  {
                    "dns_record": [],
                    "ip_address": "",
                    "ipv4": true,
                    "ipv6": false,
                    "ipv6_address": "",
                    "ipv6_dns_record": [],
                    "nat": true,
                    "nat_dns_record": [],
                    "nat_ip_address": "",
                    "network_id": "enp1aci5us43bp47noel",
                    "security_group_ids": null,
                    "subnet_ids": [
                      "e9buqn0ba8ic64hdgd5j"
                    ]
                  }
                ],
                "network_settings": [],
                "placement_policy": [],
                "platform_id": "standard-v1",
                "resources": [
                  {
                    "core_fraction": 100,
                    "cores": 2,
                    "gpus": 0,
                    "memory": 2
                  }
                ],
                "scheduling_policy": [
                  {
                    "preemptible": false
                  }
                ],
                "secondary_disk": [],
                "service_account_id": ""
              }
            ],
            "instances": [
              {
                "fqdn": "cl1lhefds3bhq6dpnnlh-opef.ru-central1.internal",
                "instance_id": "fhm1el1k3keibi35srs4",
                "instance_tag": "",
                "name": "cl1lhefds3bhq6dpnnlh-opef",
                "network_interface": [
                  {
                    "index": 0,
                    "ip_address": "192.168.2.14",
                    "ipv4": true,
                    "ipv6": false,
                    "ipv6_address": "",
                    "mac_address": "d0:0d:17:54:34:1d",
                    "nat": true,
                    "nat_ip_address": "89.169.149.199",
                    "nat_ip_version": "IPV4",
                    "subnet_id": "e9buqn0ba8ic64hdgd5j"
                  }
                ],
                "status": "RUNNING_ACTUAL",
                "status_changed_at": "2024-08-24T17:30:50Z",
                "status_message": "",
                "zone_id": "ru-central1-a"
              }
            ],
            "labels": null,
            "load_balancer": [],
            "max_checking_health_duration": null,
            "name": "control",
            "scale_policy": [
              {
                "auto_scale": [],
                "fixed_scale": [
                  {
                    "size": 1
                  }
                ],
                "test_auto_scale": []
              }
            ],
            "service_account_id": "aje08t01ipi60r2hiu41",
            "status": "ACTIVE",
            "timeouts": null,
            "variables": null
          },
          "sensitive_attributes": [],
          "private": "eyJlMmJmYjczMC1lY2FhLTExZTYtOGY4OC0zNDM2M2JjN2M0YzAiOnsiY3JlYXRlIjoxODAwMDAwMDAwMDAwLCJkZWxldGUiOjE4MDAwMDAwMDAwMDAsInVwZGF0ZSI6MTgwMDAwMDAwMDAwMH19",
          "dependencies": [
            "data.yandex_compute_image.debian_image",
            "yandex_iam_service_account.service-account",
            "yandex_resourcemanager_folder.tera",
            "yandex_resourcemanager_folder_iam_member.admin",
            "yandex_vpc_network.vpc_k8s_net",
            "yandex_vpc_subnet.vpc_k8s_sub"
          ]
        }
      ]
    },
    {
      "mode": "managed",
      "type": "yandex_compute_instance_group",
      "name": "worker",
      "provider": "provider[\"registry.terraform.io/yandex-cloud/yandex\"]",
      "instances": [
        {
          "schema_version": 0,
          "attributes": {
            "allocation_policy": [
              {
                "instance_tags_pool": [],
                "zones": [
                  "ru-central1-a"
                ]
              }
            ],
            "application_load_balancer": [],
            "created_at": "2024-08-24T17:30:50Z",
            "deletion_protection": false,
            "deploy_policy": [
              {
                "max_creating": 0,
                "max_deleting": 0,
                "max_expansion": 0,
                "max_unavailable": 1,
                "startup_duration": 0,
                "strategy": "proactive"
              }
            ],
            "description": "",
            "folder_id": "b1gfukmusmh0q6j3ulak",
            "health_check": [],
            "id": "cl1qle3ehsku8u6r2b1h",
            "instance_template": [
              {
                "boot_disk": [
                  {
                    "device_name": "",
                    "disk_id": "",
                    "initialize_params": [
                      {
                        "description": "",
                        "image_id": "fd89ttb7nfa4duq36f9o",
                        "size": 20,
                        "snapshot_id": "",
                        "type": "network-hdd"
                      }
                    ],
                    "mode": "READ_WRITE",
                    "name": ""
                  }
                ],
                "description": "",
                "filesystem": [],
                "hostname": "",
                "labels": {},
                "metadata": {
                  "ssh-keys": "localadm:ssh-ed25519 AAAAC3NzaC1lZDI1NTE5AAAAIOym6WBs38IXVro964eQYqCTN4LNigUdCt1ZVJVOqBYo localadm@DEB\n"
                },
                "metadata_options": [
                  {
                    "aws_v1_http_endpoint": 0,
                    "aws_v1_http_token": 0,
                    "gce_http_endpoint": 0,
                    "gce_http_token": 0
                  }
                ],
                "name": "",
                "network_interface": [
                  {
                    "dns_record": [],
                    "ip_address": "",
                    "ipv4": true,
                    "ipv6": false,
                    "ipv6_address": "",
                    "ipv6_dns_record": [],
                    "nat": true,
                    "nat_dns_record": [],
                    "nat_ip_address": "",
                    "network_id": "enp1aci5us43bp47noel",
                    "security_group_ids": null,
                    "subnet_ids": [
                      "e9buqn0ba8ic64hdgd5j"
                    ]
                  }
                ],
                "network_settings": [],
                "placement_policy": [],
                "platform_id": "standard-v1",
                "resources": [
                  {
                    "core_fraction": 100,
                    "cores": 2,
                    "gpus": 0,
                    "memory": 2
                  }
                ],
                "scheduling_policy": [
                  {
                    "preemptible": false
                  }
                ],
                "secondary_disk": [],
                "service_account_id": ""
              }
            ],
            "instances": [
              {
                "fqdn": "cl1qle3ehsku8u6r2b1h-yhew.ru-central1.internal",
                "instance_id": "fhmkq8boa7tqvcep0qeg",
                "instance_tag": "",
                "name": "cl1qle3ehsku8u6r2b1h-yhew",
                "network_interface": [
                  {
                    "index": 0,
                    "ip_address": "192.168.2.12",
                    "ipv4": true,
                    "ipv6": false,
                    "ipv6_address": "",
                    "mac_address": "d0:0d:14:d2:17:85",
                    "nat": true,
                    "nat_ip_address": "89.169.140.172",
                    "nat_ip_version": "IPV4",
                    "subnet_id": "e9buqn0ba8ic64hdgd5j"
                  }
                ],
                "status": "RUNNING_ACTUAL",
                "status_changed_at": "2024-08-24T17:31:27Z",
                "status_message": "",
                "zone_id": "ru-central1-a"
              },
              {
                "fqdn": "cl1qle3ehsku8u6r2b1h-unub.ru-central1.internal",
                "instance_id": "fhm05os5lnvenhiqthtq",
                "instance_tag": "",
                "name": "cl1qle3ehsku8u6r2b1h-unub",
                "network_interface": [
                  {
                    "index": 0,
                    "ip_address": "192.168.2.5",
                    "ipv4": true,
                    "ipv6": false,
                    "ipv6_address": "",
                    "mac_address": "d0:0d:2e:38:5a:df",
                    "nat": true,
                    "nat_ip_address": "89.169.148.74",
                    "nat_ip_version": "IPV4",
                    "subnet_id": "e9buqn0ba8ic64hdgd5j"
                  }
                ],
                "status": "RUNNING_ACTUAL",
                "status_changed_at": "2024-08-24T17:31:33Z",
                "status_message": "",
                "zone_id": "ru-central1-a"
              }
            ],
            "labels": null,
            "load_balancer": [],
            "max_checking_health_duration": null,
            "name": "worker",
            "scale_policy": [
              {
                "auto_scale": [],
                "fixed_scale": [
                  {
                    "size": 2
                  }
                ],
                "test_auto_scale": []
              }
            ],
            "service_account_id": "aje08t01ipi60r2hiu41",
            "status": "ACTIVE",
            "timeouts": null,
            "variables": null
          },
          "sensitive_attributes": [],
          "private": "eyJlMmJmYjczMC1lY2FhLTExZTYtOGY4OC0zNDM2M2JjN2M0YzAiOnsiY3JlYXRlIjoxODAwMDAwMDAwMDAwLCJkZWxldGUiOjE4MDAwMDAwMDAwMDAsInVwZGF0ZSI6MTgwMDAwMDAwMDAwMH19",
          "dependencies": [
            "data.yandex_compute_image.debian_image",
            "data.yandex_compute_image.debian_image_w",
            "yandex_compute_instance_group.control",
            "yandex_iam_service_account.service-account",
            "yandex_resourcemanager_folder.tera",
            "yandex_resourcemanager_folder_iam_member.admin",
            "yandex_vpc_network.vpc_k8s_net",
            "yandex_vpc_subnet.vpc_k8s_sub"
          ]
        }
      ]
    },
    {
      "mode": "managed",
      "type": "yandex_iam_service_account",
      "name": "service-account",
      "provider": "provider[\"registry.terraform.io/yandex-cloud/yandex\"]",
      "instances": [
        {
          "schema_version": 0,
          "attributes": {
            "created_at": "2024-08-24T17:29:55Z",
            "description": "service account from folder k8s-terra",
            "folder_id": "b1gfukmusmh0q6j3ulak",
            "id": "aje08t01ipi60r2hiu41",
            "name": "service",
            "timeouts": null
          },
          "sensitive_attributes": [],
          "private": "eyJlMmJmYjczMC1lY2FhLTExZTYtOGY4OC0zNDM2M2JjN2M0YzAiOnsiY3JlYXRlIjo2MDAwMDAwMDAwMCwiZGVsZXRlIjo2MDAwMDAwMDAwMCwidXBkYXRlIjo2MDAwMDAwMDAwMH19",
          "dependencies": [
            "yandex_resourcemanager_folder.tera"
          ]
        }
      ]
    },
    {
      "mode": "managed",
      "type": "yandex_iam_service_account_static_access_key",
      "name": "access_key",
      "provider": "provider[\"registry.terraform.io/yandex-cloud/yandex\"]",
      "instances": [
        {
          "schema_version": 0,
          "attributes": {
            "access_key": "YCAJEu0N-_oAQxXTe_N9hGXkY",
            "created_at": "2024-08-24T17:29:57Z",
            "description": "",
            "encrypted_secret_key": null,
            "id": "ajeg0hruo5j0fp8j1abk",
            "key_fingerprint": null,
            "pgp_key": null,
            "secret_key": "YCNY0N050HGX0UuNuwUSodSkzgpGw986t4hbt1jK",
            "service_account_id": "aje08t01ipi60r2hiu41"
          },
          "sensitive_attributes": [],
          "private": "bnVsbA==",
          "dependencies": [
            "yandex_iam_service_account.service-account",
            "yandex_resourcemanager_folder.tera"
          ]
        }
      ]
    },
    {
      "mode": "managed",
      "type": "yandex_resourcemanager_folder",
      "name": "tera",
      "provider": "provider[\"registry.terraform.io/yandex-cloud/yandex\"]",
      "instances": [
        {
          "schema_version": 0,
          "attributes": {
            "cloud_id": "b1gblbp7v441epoftcdg",
            "created_at": "2024-08-24T16:23:15Z",
            "description": "folder from otus terraform",
            "id": "b1gfukmusmh0q6j3ulak",
            "labels": {},
            "name": "terraform",
            "timeouts": null
          },
          "sensitive_attributes": [],
          "private": "eyJlMmJmYjczMC1lY2FhLTExZTYtOGY4OC0zNDM2M2JjN2M0YzAiOnsiY3JlYXRlIjo2MDAwMDAwMDAwMCwiZGVsZXRlIjoxODAwMDAwMDAwMDAwLCJyZWFkIjo2MDAwMDAwMDAwMCwidXBkYXRlIjo2MDAwMDAwMDAwMH19"
        }
      ]
    },
    {
      "mode": "managed",
      "type": "yandex_resourcemanager_folder_iam_member",
      "name": "admin",
      "provider": "provider[\"registry.terraform.io/yandex-cloud/yandex\"]",
      "instances": [
        {
          "schema_version": 0,
          "attributes": {
            "folder_id": "b1gfukmusmh0q6j3ulak",
            "id": "b1gfukmusmh0q6j3ulak/admin/serviceAccount:aje08t01ipi60r2hiu41",
            "member": "serviceAccount:aje08t01ipi60r2hiu41",
            "role": "admin",
            "sleep_after": null,
            "timeouts": null
          },
          "sensitive_attributes": [],
          "private": "eyJlMmJmYjczMC1lY2FhLTExZTYtOGY4OC0zNDM2M2JjN2M0YzAiOnsiY3JlYXRlIjo2MDAwMDAwMDAwMCwiZGVmYXVsdCI6NjAwMDAwMDAwMDAsImRlbGV0ZSI6NjAwMDAwMDAwMDAsInJlYWQiOjYwMDAwMDAwMDAwLCJ1cGRhdGUiOjYwMDAwMDAwMDAwfX0=",
          "dependencies": [
            "yandex_iam_service_account.service-account",
            "yandex_resourcemanager_folder.tera"
          ]
        }
      ]
    },
    {
      "mode": "managed",
      "type": "yandex_storage_bucket",
      "name": "test",
      "provider": "provider[\"registry.terraform.io/yandex-cloud/yandex\"]",
      "instances": [
        {
          "schema_version": 1,
          "attributes": {
            "access_key": "YCAJEu0N-_oAQxXTe_N9hGXkY",
            "acl": null,
            "anonymous_access_flags": [
              {
                "config_read": true,
                "list": true,
                "read": true
              }
            ],
            "bucket": "prodk8s",
            "bucket_domain_name": "prodk8s.storage.yandexcloud.net",
            "bucket_prefix": null,
            "cors_rule": [],
            "default_storage_class": "STANDARD",
            "folder_id": "b1gfukmusmh0q6j3ulak",
            "force_destroy": false,
            "grant": [],
            "https": [],
            "id": "prodk8s",
            "lifecycle_rule": [],
            "logging": [],
            "max_size": 4000,
            "object_lock_configuration": [],
            "policy": "",
            "secret_key": "YCNY0N050HGX0UuNuwUSodSkzgpGw986t4hbt1jK",
            "server_side_encryption_configuration": [],
            "tags": null,
            "versioning": [
              {
                "enabled": false
              }
            ],
            "website": [],
            "website_domain": null,
            "website_endpoint": null
          },
          "sensitive_attributes": [
            [
              {
                "type": "get_attr",
                "value": "secret_key"
              }
            ]
          ],
          "private": "eyJzY2hlbWFfdmVyc2lvbiI6IjEifQ==",
          "dependencies": [
            "yandex_iam_service_account.service-account",
            "yandex_iam_service_account_static_access_key.access_key",
            "yandex_resourcemanager_folder.tera"
          ]
        }
      ]
    },
    {
      "mode": "managed",
      "type": "yandex_vpc_network",
      "name": "vpc_k8s_net",
      "provider": "provider[\"registry.terraform.io/yandex-cloud/yandex\"]",
      "instances": [
        {
          "schema_version": 0,
          "attributes": {
            "created_at": "2024-08-24T17:29:55Z",
            "default_security_group_id": "enpbu8ip577o44tlvs7i",
            "description": "virtual network cluster k8s for ru-central1-a",
            "folder_id": "b1gfukmusmh0q6j3ulak",
            "id": "enp1aci5us43bp47noel",
            "labels": {},
            "name": "subk8qw",
            "subnet_ids": [],
            "timeouts": null
          },
          "sensitive_attributes": [],
          "private": "eyJlMmJmYjczMC1lY2FhLTExZTYtOGY4OC0zNDM2M2JjN2M0YzAiOnsiY3JlYXRlIjo2MDAwMDAwMDAwMCwiZGVsZXRlIjo2MDAwMDAwMDAwMCwidXBkYXRlIjo2MDAwMDAwMDAwMH19",
          "dependencies": [
            "yandex_resourcemanager_folder.tera"
          ]
        }
      ]
    },
    {
      "mode": "managed",
      "type": "yandex_vpc_security_group",
      "name": "allow_ssh",
      "provider": "provider[\"registry.terraform.io/yandex-cloud/yandex\"]",
      "instances": [
        {
          "schema_version": 0,
          "attributes": {
            "created_at": "2024-08-24T17:29:57Z",
            "description": "",
            "egress": [
              {
                "description": "Allow all outbound traffic",
                "from_port": -1,
                "id": "enp8f45l6328gnii1d4l",
                "labels": {},
                "port": 22,
                "predefined_target": "",
                "protocol": "TCP",
                "security_group_id": "",
                "to_port": -1,
                "v4_cidr_blocks": [
                  "0.0.0.0/0"
                ],
                "v6_cidr_blocks": []
              },
              {
                "description": "Allow all outbound traffic",
                "from_port": -1,
                "id": "enpll110u5bs8765qvpn",
                "labels": {},
                "port": 8080,
                "predefined_target": "",
                "protocol": "TCP",
                "security_group_id": "",
                "to_port": -1,
                "v4_cidr_blocks": [
                  "0.0.0.0/0"
                ],
                "v6_cidr_blocks": []
              },
              {
                "description": "Allow all outbound traffic",
                "from_port": -1,
                "id": "enpq0ehq2hnt8mgoq4r2",
                "labels": {},
                "port": 53,
                "predefined_target": "",
                "protocol": "TCP",
                "security_group_id": "",
                "to_port": -1,
                "v4_cidr_blocks": [
                  "0.0.0.0/0"
                ],
                "v6_cidr_blocks": []
              },
              {
                "description": "Allow all outbound traffic",
                "from_port": -1,
                "id": "enpsq0rl6a1lfjt68eic",
                "labels": {},
                "port": 80,
                "predefined_target": "",
                "protocol": "TCP",
                "security_group_id": "",
                "to_port": -1,
                "v4_cidr_blocks": [
                  "0.0.0.0/0"
                ],
                "v6_cidr_blocks": []
              }
            ],
            "folder_id": "b1gfukmusmh0q6j3ulak",
            "id": "enpovkgga5i4k6hu7v4t",
            "ingress": [
              {
                "description": "Allow SSH from anywhere",
                "from_port": -1,
                "id": "enp0444m9nqlpgtb2g4n",
                "labels": {},
                "port": 8080,
                "predefined_target": "",
                "protocol": "TCP",
                "security_group_id": "",
                "to_port": -1,
                "v4_cidr_blocks": [
                  "0.0.0.0/0"
                ],
                "v6_cidr_blocks": []
              },
              {
                "description": "Allow SSH from anywhere",
                "from_port": -1,
                "id": "enpmdef4g4cvv9g58qu6",
                "labels": {},
                "port": 22,
                "predefined_target": "",
                "protocol": "TCP",
                "security_group_id": "",
                "to_port": -1,
                "v4_cidr_blocks": [
                  "0.0.0.0/0"
                ],
                "v6_cidr_blocks": []
              },
              {
                "description": "Allow SSH from anywhere",
                "from_port": -1,
                "id": "enpsm26ub2fh46mj2o0d",
                "labels": {},
                "port": 80,
                "predefined_target": "",
                "protocol": "TCP",
                "security_group_id": "",
                "to_port": -1,
                "v4_cidr_blocks": [
                  "0.0.0.0/0"
                ],
                "v6_cidr_blocks": []
              }
            ],
            "labels": {},
            "name": "allow-ssh",
            "network_id": "enp1aci5us43bp47noel",
            "status": "ACTIVE",
            "timeouts": null
          },
          "sensitive_attributes": [],
          "private": "eyJlMmJmYjczMC1lY2FhLTExZTYtOGY4OC0zNDM2M2JjN2M0YzAiOnsiY3JlYXRlIjoxODAwMDAwMDAwMDAsImRlbGV0ZSI6MTgwMDAwMDAwMDAwLCJ1cGRhdGUiOjE4MDAwMDAwMDAwMH19",
          "dependencies": [
            "yandex_resourcemanager_folder.tera",
            "yandex_vpc_network.vpc_k8s_net"
          ]
        }
      ]
    },
    {
      "mode": "managed",
      "type": "yandex_vpc_subnet",
      "name": "vpc_k8s_sub",
      "provider": "provider[\"registry.terraform.io/yandex-cloud/yandex\"]",
      "instances": [
        {
          "schema_version": 0,
          "attributes": {
            "created_at": "2024-08-24T17:29:56Z",
            "description": "virtual subnet cluster k8s for ru-central1-a",
            "dhcp_options": [],
            "folder_id": "b1gfukmusmh0q6j3ulak",
            "id": "e9buqn0ba8ic64hdgd5j",
            "labels": {},
            "name": "subk8qw",
            "network_id": "enp1aci5us43bp47noel",
            "route_table_id": "",
            "timeouts": null,
            "v4_cidr_blocks": [
              "192.168.2.0/28"
            ],
            "v6_cidr_blocks": [],
            "zone": "ru-central1-a"
          },
          "sensitive_attributes": [],
          "private": "eyJlMmJmYjczMC1lY2FhLTExZTYtOGY4OC0zNDM2M2JjN2M0YzAiOnsiY3JlYXRlIjoxODAwMDAwMDAwMDAsImRlbGV0ZSI6MTgwMDAwMDAwMDAwLCJ1cGRhdGUiOjE4MDAwMDAwMDAwMH19",
          "dependencies": [
            "yandex_resourcemanager_folder.tera",
            "yandex_vpc_network.vpc_k8s_net"
          ]
        }
      ]
    }
  ],
  "check_results": null
}
